
Microsoft Visual Studio Solution File, Format Version 12.00
# Visual Studio 15
VisualStudioVersion = 15.0.27428.2043
MinimumVisualStudioVersion = 10.0.40219.1
Project("{9A19103F-16F7-4668-BE54-9A1E7A4F7556}") = "RpcLite.Registry.Zookeeper", "RpcLite.Registry.Zookeeper.csproj", "{4C0744E5-9C8C-4F06-A808-2901630C0271}"
EndProject
Global
	GlobalSection(SolutionConfigurationPlatforms) = preSolution
		Debug|Any CPU = Debug|Any CPU
		Release|Any CPU = Release|Any CPU
	EndGlobalSection
	GlobalSection(ProjectConfigurationPlatforms) = postSolution
		{4C0744E5-9C8C-4F06-A808-2901630C0271}.Debug|Any CPU.ActiveCfg = Debug|Any CPU
		{4C0744E5-9C8C-4F06-A808-2901630C0271}.Debug|Any CPU.Build.0 = Debug|Any CPU
		{4C0744E5-9C8C-4F06-A808-2901630C0271}.Release|Any CPU.ActiveCfg = Release|Any CPU
		{4C0744E5-9C8C-4F06-A808-2901630C0271}.Release|Any CPU.Build.0 = Release|Any CPU
	EndGlobalSection
	GlobalSection(SolutionProperties) = preSolution
		HideSolutionNode = FALSE
	EndGlobalSection
	GlobalSection(ExtensibilityGlobals) = postSolution
		SolutionGuid = {2E2EC823-A836-49AF-837F-9E1B76C01746}
	EndGlobalSection
EndGlobal
