
Microsoft Visual Studio Solution File, Format Version 12.00
# Visual Studio 14
VisualStudioVersion = 14.0.25123.0
MinimumVisualStudioVersion = 10.0.40219.1
Project("{FAE04EC0-301F-11D3-BF4B-00C04F79EFBC}") = "RpcClientTest", "RpcClientTest\RpcClientTest.csproj", "{35BD5758-B6A5-4DC9-90DA-64E9A923753F}"
EndProject
Project("{FAE04EC0-301F-11D3-BF4B-00C04F79EFBC}") = "Model", "Model\Model.csproj", "{2D6E36EC-3E98-4C98-98E8-34AFA8C75F1A}"
EndProject
Project("{FAE04EC0-301F-11D3-BF4B-00C04F79EFBC}") = "Contracts", "Contracts\Contracts.csproj", "{99199B27-51C0-42D9-8DDB-4AFBE45F30CB}"
EndProject
Project("{FAE04EC0-301F-11D3-BF4B-00C04F79EFBC}") = "ServiceImpl", "ServiceImpl\ServiceImpl.csproj", "{B31033F4-8003-47CE-A9B0-E5251B88C5EC}"
EndProject
Project("{FAE04EC0-301F-11D3-BF4B-00C04F79EFBC}") = "RpcLite.TestWeb", "RpcLite.TestWeb\RpcLite.TestWeb.csproj", "{18054E2F-2329-4D7E-B076-451AA60304B8}"
EndProject
Project("{FAE04EC0-301F-11D3-BF4B-00C04F79EFBC}") = "RpcLite", "RpcLite\RpcLite.csproj", "{EFA8DBF7-4300-4599-9C35-E716E25D7CCD}"
EndProject
Project("{FAE04EC0-301F-11D3-BF4B-00C04F79EFBC}") = "ClientImpl", "ClientImpl\ClientImpl.csproj", "{42520B20-6F74-4BCB-926F-BDA46B3388F1}"
EndProject
Project("{2150E333-8FDC-42A3-9474-1A3956D46DE8}") = "demos", "demos", "{C5A4AB03-645B-4F72-9727-365198593E4F}"
EndProject
Project("{2150E333-8FDC-42A3-9474-1A3956D46DE8}") = ".nuget", ".nuget", "{B1FAD391-8230-4949-873F-D1B9581A9271}"
	ProjectSection(SolutionItems) = preProject
		.nuget\NuGet.Config = .nuget\NuGet.Config
		.nuget\NuGet.exe = .nuget\NuGet.exe
		.nuget\NuGet.targets = .nuget\NuGet.targets
	EndProjectSection
EndProject
Project("{FAE04EC0-301F-11D3-BF4B-00C04F79EFBC}") = "RpcLite.Resolvers", "ClientAddressResolver\RpcLite.Resolvers.csproj", "{7AE9591B-8465-4D8A-B27D-51E2EC6FE82C}"
EndProject
Project("{FAE04EC0-301F-11D3-BF4B-00C04F79EFBC}") = "ServiceRepository", "ServiceRepository\ServiceRepository.csproj", "{B96C8A9E-71F3-4143-8FC9-76D5AD70B9B3}"
EndProject
Project("{FAE04EC0-301F-11D3-BF4B-00C04F79EFBC}") = "ServiceRegistery", "ServiceRigistery\ServiceRegistery.csproj", "{B95BEAEC-B6E1-4F31-BCAD-342B78589251}"
EndProject
Project("{FAE04EC0-301F-11D3-BF4B-00C04F79EFBC}") = "ServiceRegistery.Common", "ServiceRegistery.Common\ServiceRegistery.Common.csproj", "{9284345C-1C32-4D92-A6D2-583FDDBF1110}"
EndProject
Project("{8BB2217D-0F2D-49D1-97BC-3654ED321F3B}") = "RpcLite.CoreFx", "RpcLite.CoreFx\RpcLite.CoreFx.xproj", "{C155D138-FAE3-4080-A2BF-F5483BF0B226}"
EndProject
Project("{FAE04EC0-301F-11D3-BF4B-00C04F79EFBC}") = "RpcLite.AspNet", "RpcLite.AspNet\RpcLite.AspNet.csproj", "{314F05A6-06C2-476C-BE16-52E068E91229}"
EndProject
Project("{2150E333-8FDC-42A3-9474-1A3956D46DE8}") = "corefx", "corefx", "{663AFE2C-E1E1-476A-B168-64E385C1032E}"
EndProject
Project("{8BB2217D-0F2D-49D1-97BC-3654ED321F3B}") = "TestWebCoreFx", "TestWebCoreFx\TestWebCoreFx.xproj", "{CFDC46FE-ED1B-4537-8CCD-73B476896DA1}"
EndProject
Project("{8BB2217D-0F2D-49D1-97BC-3654ED321F3B}") = "RpcLite.AspNetCore", "RpcLite.AspNetCore\RpcLite.AspNetCore.xproj", "{53179DB9-8CE2-4DF7-AABB-EDE5BE244BAF}"
EndProject
Project("{FAE04EC0-301F-11D3-BF4B-00C04F79EFBC}") = "RpcLite.Net40", "RpcLite.Net40\RpcLite.Net40.csproj", "{6E2205F4-2050-424F-ABF5-93B9F5F0F8E4}"
EndProject
Project("{2150E333-8FDC-42A3-9474-1A3956D46DE8}") = "net40", "net40", "{3817EDD4-EDAC-4D87-888D-DBBDA31945DA}"
EndProject
Global
	GlobalSection(SolutionConfigurationPlatforms) = preSolution
		Debug|Any CPU = Debug|Any CPU
		Debug|Mixed Platforms = Debug|Mixed Platforms
		Debug|x86 = Debug|x86
		Release|Any CPU = Release|Any CPU
		Release|Mixed Platforms = Release|Mixed Platforms
		Release|x86 = Release|x86
	EndGlobalSection
	GlobalSection(ProjectConfigurationPlatforms) = postSolution
		{35BD5758-B6A5-4DC9-90DA-64E9A923753F}.Debug|Any CPU.ActiveCfg = Debug|Any CPU
		{35BD5758-B6A5-4DC9-90DA-64E9A923753F}.Debug|Any CPU.Build.0 = Debug|Any CPU
		{35BD5758-B6A5-4DC9-90DA-64E9A923753F}.Debug|Mixed Platforms.ActiveCfg = Debug|Any CPU
		{35BD5758-B6A5-4DC9-90DA-64E9A923753F}.Debug|Mixed Platforms.Build.0 = Debug|Any CPU
		{35BD5758-B6A5-4DC9-90DA-64E9A923753F}.Debug|x86.ActiveCfg = Debug|x86
		{35BD5758-B6A5-4DC9-90DA-64E9A923753F}.Debug|x86.Build.0 = Debug|x86
		{35BD5758-B6A5-4DC9-90DA-64E9A923753F}.Release|Any CPU.ActiveCfg = Release|x86
		{35BD5758-B6A5-4DC9-90DA-64E9A923753F}.Release|Mixed Platforms.ActiveCfg = Release|x86
		{35BD5758-B6A5-4DC9-90DA-64E9A923753F}.Release|Mixed Platforms.Build.0 = Release|x86
		{35BD5758-B6A5-4DC9-90DA-64E9A923753F}.Release|x86.ActiveCfg = Release|x86
		{35BD5758-B6A5-4DC9-90DA-64E9A923753F}.Release|x86.Build.0 = Release|x86
		{2D6E36EC-3E98-4C98-98E8-34AFA8C75F1A}.Debug|Any CPU.ActiveCfg = Debug|Any CPU
		{2D6E36EC-3E98-4C98-98E8-34AFA8C75F1A}.Debug|Any CPU.Build.0 = Debug|Any CPU
		{2D6E36EC-3E98-4C98-98E8-34AFA8C75F1A}.Debug|Mixed Platforms.ActiveCfg = Debug|Any CPU
		{2D6E36EC-3E98-4C98-98E8-34AFA8C75F1A}.Debug|Mixed Platforms.Build.0 = Debug|Any CPU
		{2D6E36EC-3E98-4C98-98E8-34AFA8C75F1A}.Debug|x86.ActiveCfg = Debug|x86
		{2D6E36EC-3E98-4C98-98E8-34AFA8C75F1A}.Debug|x86.Build.0 = Debug|x86
		{2D6E36EC-3E98-4C98-98E8-34AFA8C75F1A}.Release|Any CPU.ActiveCfg = Release|Any CPU
		{2D6E36EC-3E98-4C98-98E8-34AFA8C75F1A}.Release|Any CPU.Build.0 = Release|Any CPU
		{2D6E36EC-3E98-4C98-98E8-34AFA8C75F1A}.Release|Mixed Platforms.ActiveCfg = Release|Any CPU
		{2D6E36EC-3E98-4C98-98E8-34AFA8C75F1A}.Release|Mixed Platforms.Build.0 = Release|Any CPU
		{2D6E36EC-3E98-4C98-98E8-34AFA8C75F1A}.Release|x86.ActiveCfg = Release|Any CPU
		{99199B27-51C0-42D9-8DDB-4AFBE45F30CB}.Debug|Any CPU.ActiveCfg = Debug|Any CPU
		{99199B27-51C0-42D9-8DDB-4AFBE45F30CB}.Debug|Any CPU.Build.0 = Debug|Any CPU
		{99199B27-51C0-42D9-8DDB-4AFBE45F30CB}.Debug|Mixed Platforms.ActiveCfg = Debug|Any CPU
		{99199B27-51C0-42D9-8DDB-4AFBE45F30CB}.Debug|Mixed Platforms.Build.0 = Debug|Any CPU
		{99199B27-51C0-42D9-8DDB-4AFBE45F30CB}.Debug|x86.ActiveCfg = Debug|x86
		{99199B27-51C0-42D9-8DDB-4AFBE45F30CB}.Debug|x86.Build.0 = Debug|x86
		{99199B27-51C0-42D9-8DDB-4AFBE45F30CB}.Release|Any CPU.ActiveCfg = Release|Any CPU
		{99199B27-51C0-42D9-8DDB-4AFBE45F30CB}.Release|Any CPU.Build.0 = Release|Any CPU
		{99199B27-51C0-42D9-8DDB-4AFBE45F30CB}.Release|Mixed Platforms.ActiveCfg = Release|Any CPU
		{99199B27-51C0-42D9-8DDB-4AFBE45F30CB}.Release|Mixed Platforms.Build.0 = Release|Any CPU
		{99199B27-51C0-42D9-8DDB-4AFBE45F30CB}.Release|x86.ActiveCfg = Release|Any CPU
		{B31033F4-8003-47CE-A9B0-E5251B88C5EC}.Debug|Any CPU.ActiveCfg = Debug|Any CPU
		{B31033F4-8003-47CE-A9B0-E5251B88C5EC}.Debug|Any CPU.Build.0 = Debug|Any CPU
		{B31033F4-8003-47CE-A9B0-E5251B88C5EC}.Debug|Mixed Platforms.ActiveCfg = Debug|Any CPU
		{B31033F4-8003-47CE-A9B0-E5251B88C5EC}.Debug|Mixed Platforms.Build.0 = Debug|Any CPU
		{B31033F4-8003-47CE-A9B0-E5251B88C5EC}.Debug|x86.ActiveCfg = Debug|x86
		{B31033F4-8003-47CE-A9B0-E5251B88C5EC}.Debug|x86.Build.0 = Debug|x86
		{B31033F4-8003-47CE-A9B0-E5251B88C5EC}.Release|Any CPU.ActiveCfg = Release|Any CPU
		{B31033F4-8003-47CE-A9B0-E5251B88C5EC}.Release|Any CPU.Build.0 = Release|Any CPU
		{B31033F4-8003-47CE-A9B0-E5251B88C5EC}.Release|Mixed Platforms.ActiveCfg = Release|Any CPU
		{B31033F4-8003-47CE-A9B0-E5251B88C5EC}.Release|Mixed Platforms.Build.0 = Release|Any CPU
		{B31033F4-8003-47CE-A9B0-E5251B88C5EC}.Release|x86.ActiveCfg = Release|Any CPU
		{18054E2F-2329-4D7E-B076-451AA60304B8}.Debug|Any CPU.ActiveCfg = Debug|Any CPU
		{18054E2F-2329-4D7E-B076-451AA60304B8}.Debug|Any CPU.Build.0 = Debug|Any CPU
		{18054E2F-2329-4D7E-B076-451AA60304B8}.Debug|Mixed Platforms.ActiveCfg = Debug|Any CPU
		{18054E2F-2329-4D7E-B076-451AA60304B8}.Debug|Mixed Platforms.Build.0 = Debug|Any CPU
		{18054E2F-2329-4D7E-B076-451AA60304B8}.Debug|x86.ActiveCfg = Debug|x86
		{18054E2F-2329-4D7E-B076-451AA60304B8}.Debug|x86.Build.0 = Debug|x86
		{18054E2F-2329-4D7E-B076-451AA60304B8}.Release|Any CPU.ActiveCfg = Release|Any CPU
		{18054E2F-2329-4D7E-B076-451AA60304B8}.Release|Any CPU.Build.0 = Release|Any CPU
		{18054E2F-2329-4D7E-B076-451AA60304B8}.Release|Mixed Platforms.ActiveCfg = Release|Any CPU
		{18054E2F-2329-4D7E-B076-451AA60304B8}.Release|Mixed Platforms.Build.0 = Release|Any CPU
		{18054E2F-2329-4D7E-B076-451AA60304B8}.Release|x86.ActiveCfg = Release|Any CPU
		{EFA8DBF7-4300-4599-9C35-E716E25D7CCD}.Debug|Any CPU.ActiveCfg = Debug|Any CPU
		{EFA8DBF7-4300-4599-9C35-E716E25D7CCD}.Debug|Any CPU.Build.0 = Debug|Any CPU
		{EFA8DBF7-4300-4599-9C35-E716E25D7CCD}.Debug|Mixed Platforms.ActiveCfg = Debug|Any CPU
		{EFA8DBF7-4300-4599-9C35-E716E25D7CCD}.Debug|Mixed Platforms.Build.0 = Debug|Any CPU
		{EFA8DBF7-4300-4599-9C35-E716E25D7CCD}.Debug|x86.ActiveCfg = Debug|x86
		{EFA8DBF7-4300-4599-9C35-E716E25D7CCD}.Debug|x86.Build.0 = Debug|x86
		{EFA8DBF7-4300-4599-9C35-E716E25D7CCD}.Release|Any CPU.ActiveCfg = Release|Any CPU
		{EFA8DBF7-4300-4599-9C35-E716E25D7CCD}.Release|Any CPU.Build.0 = Release|Any CPU
		{EFA8DBF7-4300-4599-9C35-E716E25D7CCD}.Release|Mixed Platforms.ActiveCfg = Release|Any CPU
		{EFA8DBF7-4300-4599-9C35-E716E25D7CCD}.Release|Mixed Platforms.Build.0 = Release|Any CPU
		{EFA8DBF7-4300-4599-9C35-E716E25D7CCD}.Release|x86.ActiveCfg = Release|Any CPU
		{42520B20-6F74-4BCB-926F-BDA46B3388F1}.Debug|Any CPU.ActiveCfg = Debug|Any CPU
		{42520B20-6F74-4BCB-926F-BDA46B3388F1}.Debug|Any CPU.Build.0 = Debug|Any CPU
		{42520B20-6F74-4BCB-926F-BDA46B3388F1}.Debug|Mixed Platforms.ActiveCfg = Debug|Any CPU
		{42520B20-6F74-4BCB-926F-BDA46B3388F1}.Debug|Mixed Platforms.Build.0 = Debug|Any CPU
		{42520B20-6F74-4BCB-926F-BDA46B3388F1}.Debug|x86.ActiveCfg = Debug|x86
		{42520B20-6F74-4BCB-926F-BDA46B3388F1}.Debug|x86.Build.0 = Debug|x86
		{42520B20-6F74-4BCB-926F-BDA46B3388F1}.Release|Any CPU.ActiveCfg = Release|Any CPU
		{42520B20-6F74-4BCB-926F-BDA46B3388F1}.Release|Any CPU.Build.0 = Release|Any CPU
		{42520B20-6F74-4BCB-926F-BDA46B3388F1}.Release|Mixed Platforms.ActiveCfg = Release|Any CPU
		{42520B20-6F74-4BCB-926F-BDA46B3388F1}.Release|Mixed Platforms.Build.0 = Release|Any CPU
		{42520B20-6F74-4BCB-926F-BDA46B3388F1}.Release|x86.ActiveCfg = Release|Any CPU
		{7AE9591B-8465-4D8A-B27D-51E2EC6FE82C}.Debug|Any CPU.ActiveCfg = Debug|Any CPU
		{7AE9591B-8465-4D8A-B27D-51E2EC6FE82C}.Debug|Any CPU.Build.0 = Debug|Any CPU
		{7AE9591B-8465-4D8A-B27D-51E2EC6FE82C}.Debug|Mixed Platforms.ActiveCfg = Debug|Any CPU
		{7AE9591B-8465-4D8A-B27D-51E2EC6FE82C}.Debug|Mixed Platforms.Build.0 = Debug|Any CPU
		{7AE9591B-8465-4D8A-B27D-51E2EC6FE82C}.Debug|x86.ActiveCfg = Debug|Any CPU
		{7AE9591B-8465-4D8A-B27D-51E2EC6FE82C}.Release|Any CPU.ActiveCfg = Release|Any CPU
		{7AE9591B-8465-4D8A-B27D-51E2EC6FE82C}.Release|Any CPU.Build.0 = Release|Any CPU
		{7AE9591B-8465-4D8A-B27D-51E2EC6FE82C}.Release|Mixed Platforms.ActiveCfg = Release|Any CPU
		{7AE9591B-8465-4D8A-B27D-51E2EC6FE82C}.Release|Mixed Platforms.Build.0 = Release|Any CPU
		{7AE9591B-8465-4D8A-B27D-51E2EC6FE82C}.Release|x86.ActiveCfg = Release|Any CPU
		{B96C8A9E-71F3-4143-8FC9-76D5AD70B9B3}.Debug|Any CPU.ActiveCfg = Debug|Any CPU
		{B96C8A9E-71F3-4143-8FC9-76D5AD70B9B3}.Debug|Any CPU.Build.0 = Debug|Any CPU
		{B96C8A9E-71F3-4143-8FC9-76D5AD70B9B3}.Debug|Mixed Platforms.ActiveCfg = Debug|Any CPU
		{B96C8A9E-71F3-4143-8FC9-76D5AD70B9B3}.Debug|Mixed Platforms.Build.0 = Debug|Any CPU
		{B96C8A9E-71F3-4143-8FC9-76D5AD70B9B3}.Debug|x86.ActiveCfg = Debug|Any CPU
		{B96C8A9E-71F3-4143-8FC9-76D5AD70B9B3}.Release|Any CPU.ActiveCfg = Release|Any CPU
		{B96C8A9E-71F3-4143-8FC9-76D5AD70B9B3}.Release|Any CPU.Build.0 = Release|Any CPU
		{B96C8A9E-71F3-4143-8FC9-76D5AD70B9B3}.Release|Mixed Platforms.ActiveCfg = Release|Any CPU
		{B96C8A9E-71F3-4143-8FC9-76D5AD70B9B3}.Release|Mixed Platforms.Build.0 = Release|Any CPU
		{B96C8A9E-71F3-4143-8FC9-76D5AD70B9B3}.Release|x86.ActiveCfg = Release|Any CPU
		{B95BEAEC-B6E1-4F31-BCAD-342B78589251}.Debug|Any CPU.ActiveCfg = Debug|Any CPU
		{B95BEAEC-B6E1-4F31-BCAD-342B78589251}.Debug|Any CPU.Build.0 = Debug|Any CPU
		{B95BEAEC-B6E1-4F31-BCAD-342B78589251}.Debug|Mixed Platforms.ActiveCfg = Debug|Any CPU
		{B95BEAEC-B6E1-4F31-BCAD-342B78589251}.Debug|Mixed Platforms.Build.0 = Debug|Any CPU
		{B95BEAEC-B6E1-4F31-BCAD-342B78589251}.Debug|x86.ActiveCfg = Debug|Any CPU
		{B95BEAEC-B6E1-4F31-BCAD-342B78589251}.Release|Any CPU.ActiveCfg = Release|Any CPU
		{B95BEAEC-B6E1-4F31-BCAD-342B78589251}.Release|Any CPU.Build.0 = Release|Any CPU
		{B95BEAEC-B6E1-4F31-BCAD-342B78589251}.Release|Mixed Platforms.ActiveCfg = Release|Any CPU
		{B95BEAEC-B6E1-4F31-BCAD-342B78589251}.Release|Mixed Platforms.Build.0 = Release|Any CPU
		{B95BEAEC-B6E1-4F31-BCAD-342B78589251}.Release|x86.ActiveCfg = Release|Any CPU
		{9284345C-1C32-4D92-A6D2-583FDDBF1110}.Debug|Any CPU.ActiveCfg = Debug|Any CPU
		{9284345C-1C32-4D92-A6D2-583FDDBF1110}.Debug|Any CPU.Build.0 = Debug|Any CPU
		{9284345C-1C32-4D92-A6D2-583FDDBF1110}.Debug|Mixed Platforms.ActiveCfg = Debug|Any CPU
		{9284345C-1C32-4D92-A6D2-583FDDBF1110}.Debug|Mixed Platforms.Build.0 = Debug|Any CPU
		{9284345C-1C32-4D92-A6D2-583FDDBF1110}.Debug|x86.ActiveCfg = Debug|Any CPU
		{9284345C-1C32-4D92-A6D2-583FDDBF1110}.Release|Any CPU.ActiveCfg = Release|Any CPU
		{9284345C-1C32-4D92-A6D2-583FDDBF1110}.Release|Any CPU.Build.0 = Release|Any CPU
		{9284345C-1C32-4D92-A6D2-583FDDBF1110}.Release|Mixed Platforms.ActiveCfg = Release|Any CPU
		{9284345C-1C32-4D92-A6D2-583FDDBF1110}.Release|Mixed Platforms.Build.0 = Release|Any CPU
		{9284345C-1C32-4D92-A6D2-583FDDBF1110}.Release|x86.ActiveCfg = Release|Any CPU
		{C155D138-FAE3-4080-A2BF-F5483BF0B226}.Debug|Any CPU.ActiveCfg = Debug|Any CPU
		{C155D138-FAE3-4080-A2BF-F5483BF0B226}.Debug|Any CPU.Build.0 = Debug|Any CPU
		{C155D138-FAE3-4080-A2BF-F5483BF0B226}.Debug|Mixed Platforms.ActiveCfg = Debug|Any CPU
		{C155D138-FAE3-4080-A2BF-F5483BF0B226}.Debug|Mixed Platforms.Build.0 = Debug|Any CPU
		{C155D138-FAE3-4080-A2BF-F5483BF0B226}.Debug|x86.ActiveCfg = Debug|Any CPU
		{C155D138-FAE3-4080-A2BF-F5483BF0B226}.Debug|x86.Build.0 = Debug|Any CPU
		{C155D138-FAE3-4080-A2BF-F5483BF0B226}.Release|Any CPU.ActiveCfg = Release|Any CPU
		{C155D138-FAE3-4080-A2BF-F5483BF0B226}.Release|Any CPU.Build.0 = Release|Any CPU
		{C155D138-FAE3-4080-A2BF-F5483BF0B226}.Release|Mixed Platforms.ActiveCfg = Release|Any CPU
		{C155D138-FAE3-4080-A2BF-F5483BF0B226}.Release|Mixed Platforms.Build.0 = Release|Any CPU
		{C155D138-FAE3-4080-A2BF-F5483BF0B226}.Release|x86.ActiveCfg = Release|Any CPU
		{C155D138-FAE3-4080-A2BF-F5483BF0B226}.Release|x86.Build.0 = Release|Any CPU
		{314F05A6-06C2-476C-BE16-52E068E91229}.Debug|Any CPU.ActiveCfg = Debug|Any CPU
		{314F05A6-06C2-476C-BE16-52E068E91229}.Debug|Any CPU.Build.0 = Debug|Any CPU
		{314F05A6-06C2-476C-BE16-52E068E91229}.Debug|Mixed Platforms.ActiveCfg = Debug|Any CPU
		{314F05A6-06C2-476C-BE16-52E068E91229}.Debug|Mixed Platforms.Build.0 = Debug|Any CPU
		{314F05A6-06C2-476C-BE16-52E068E91229}.Debug|x86.ActiveCfg = Debug|Any CPU
		{314F05A6-06C2-476C-BE16-52E068E91229}.Debug|x86.Build.0 = Debug|Any CPU
		{314F05A6-06C2-476C-BE16-52E068E91229}.Release|Any CPU.ActiveCfg = Release|Any CPU
		{314F05A6-06C2-476C-BE16-52E068E91229}.Release|Any CPU.Build.0 = Release|Any CPU
		{314F05A6-06C2-476C-BE16-52E068E91229}.Release|Mixed Platforms.ActiveCfg = Release|Any CPU
		{314F05A6-06C2-476C-BE16-52E068E91229}.Release|Mixed Platforms.Build.0 = Release|Any CPU
		{314F05A6-06C2-476C-BE16-52E068E91229}.Release|x86.ActiveCfg = Release|Any CPU
		{314F05A6-06C2-476C-BE16-52E068E91229}.Release|x86.Build.0 = Release|Any CPU
		{CFDC46FE-ED1B-4537-8CCD-73B476896DA1}.Debug|Any CPU.ActiveCfg = Debug|Any CPU
		{CFDC46FE-ED1B-4537-8CCD-73B476896DA1}.Debug|Any CPU.Build.0 = Debug|Any CPU
		{CFDC46FE-ED1B-4537-8CCD-73B476896DA1}.Debug|Mixed Platforms.ActiveCfg = Debug|Any CPU
		{CFDC46FE-ED1B-4537-8CCD-73B476896DA1}.Debug|Mixed Platforms.Build.0 = Debug|Any CPU
		{CFDC46FE-ED1B-4537-8CCD-73B476896DA1}.Debug|x86.ActiveCfg = Debug|Any CPU
		{CFDC46FE-ED1B-4537-8CCD-73B476896DA1}.Debug|x86.Build.0 = Debug|Any CPU
		{CFDC46FE-ED1B-4537-8CCD-73B476896DA1}.Release|Any CPU.ActiveCfg = Release|Any CPU
		{CFDC46FE-ED1B-4537-8CCD-73B476896DA1}.Release|Any CPU.Build.0 = Release|Any CPU
		{CFDC46FE-ED1B-4537-8CCD-73B476896DA1}.Release|Mixed Platforms.ActiveCfg = Release|Any CPU
		{CFDC46FE-ED1B-4537-8CCD-73B476896DA1}.Release|Mixed Platforms.Build.0 = Release|Any CPU
		{CFDC46FE-ED1B-4537-8CCD-73B476896DA1}.Release|x86.ActiveCfg = Release|Any CPU
		{CFDC46FE-ED1B-4537-8CCD-73B476896DA1}.Release|x86.Build.0 = Release|Any CPU
		{53179DB9-8CE2-4DF7-AABB-EDE5BE244BAF}.Debug|Any CPU.ActiveCfg = Debug|Any CPU
		{53179DB9-8CE2-4DF7-AABB-EDE5BE244BAF}.Debug|Any CPU.Build.0 = Debug|Any CPU
		{53179DB9-8CE2-4DF7-AABB-EDE5BE244BAF}.Debug|Mixed Platforms.ActiveCfg = Debug|Any CPU
		{53179DB9-8CE2-4DF7-AABB-EDE5BE244BAF}.Debug|Mixed Platforms.Build.0 = Debug|Any CPU
		{53179DB9-8CE2-4DF7-AABB-EDE5BE244BAF}.Debug|x86.ActiveCfg = Debug|Any CPU
		{53179DB9-8CE2-4DF7-AABB-EDE5BE244BAF}.Debug|x86.Build.0 = Debug|Any CPU
		{53179DB9-8CE2-4DF7-AABB-EDE5BE244BAF}.Release|Any CPU.ActiveCfg = Release|Any CPU
		{53179DB9-8CE2-4DF7-AABB-EDE5BE244BAF}.Release|Any CPU.Build.0 = Release|Any CPU
		{53179DB9-8CE2-4DF7-AABB-EDE5BE244BAF}.Release|Mixed Platforms.ActiveCfg = Release|Any CPU
		{53179DB9-8CE2-4DF7-AABB-EDE5BE244BAF}.Release|Mixed Platforms.Build.0 = Release|Any CPU
		{53179DB9-8CE2-4DF7-AABB-EDE5BE244BAF}.Release|x86.ActiveCfg = Release|Any CPU
		{53179DB9-8CE2-4DF7-AABB-EDE5BE244BAF}.Release|x86.Build.0 = Release|Any CPU
		{6E2205F4-2050-424F-ABF5-93B9F5F0F8E4}.Debug|Any CPU.ActiveCfg = Debug|Any CPU
		{6E2205F4-2050-424F-ABF5-93B9F5F0F8E4}.Debug|Any CPU.Build.0 = Debug|Any CPU
		{6E2205F4-2050-424F-ABF5-93B9F5F0F8E4}.Debug|Mixed Platforms.ActiveCfg = Debug|Any CPU
		{6E2205F4-2050-424F-ABF5-93B9F5F0F8E4}.Debug|Mixed Platforms.Build.0 = Debug|Any CPU
		{6E2205F4-2050-424F-ABF5-93B9F5F0F8E4}.Debug|x86.ActiveCfg = Debug|Any CPU
		{6E2205F4-2050-424F-ABF5-93B9F5F0F8E4}.Debug|x86.Build.0 = Debug|Any CPU
		{6E2205F4-2050-424F-ABF5-93B9F5F0F8E4}.Release|Any CPU.ActiveCfg = Release|Any CPU
		{6E2205F4-2050-424F-ABF5-93B9F5F0F8E4}.Release|Any CPU.Build.0 = Release|Any CPU
		{6E2205F4-2050-424F-ABF5-93B9F5F0F8E4}.Release|Mixed Platforms.ActiveCfg = Release|Any CPU
		{6E2205F4-2050-424F-ABF5-93B9F5F0F8E4}.Release|Mixed Platforms.Build.0 = Release|Any CPU
		{6E2205F4-2050-424F-ABF5-93B9F5F0F8E4}.Release|x86.ActiveCfg = Release|Any CPU
		{6E2205F4-2050-424F-ABF5-93B9F5F0F8E4}.Release|x86.Build.0 = Release|Any CPU
	EndGlobalSection
	GlobalSection(SolutionProperties) = preSolution
		HideSolutionNode = FALSE
	EndGlobalSection
	GlobalSection(NestedProjects) = preSolution
		{35BD5758-B6A5-4DC9-90DA-64E9A923753F} = {C5A4AB03-645B-4F72-9727-365198593E4F}
		{2D6E36EC-3E98-4C98-98E8-34AFA8C75F1A} = {C5A4AB03-645B-4F72-9727-365198593E4F}
		{99199B27-51C0-42D9-8DDB-4AFBE45F30CB} = {C5A4AB03-645B-4F72-9727-365198593E4F}
		{B31033F4-8003-47CE-A9B0-E5251B88C5EC} = {C5A4AB03-645B-4F72-9727-365198593E4F}
		{18054E2F-2329-4D7E-B076-451AA60304B8} = {C5A4AB03-645B-4F72-9727-365198593E4F}
		{EFA8DBF7-4300-4599-9C35-E716E25D7CCD} = {3817EDD4-EDAC-4D87-888D-DBBDA31945DA}
		{42520B20-6F74-4BCB-926F-BDA46B3388F1} = {C5A4AB03-645B-4F72-9727-365198593E4F}
		{C155D138-FAE3-4080-A2BF-F5483BF0B226} = {663AFE2C-E1E1-476A-B168-64E385C1032E}
		{314F05A6-06C2-476C-BE16-52E068E91229} = {3817EDD4-EDAC-4D87-888D-DBBDA31945DA}
		{CFDC46FE-ED1B-4537-8CCD-73B476896DA1} = {663AFE2C-E1E1-476A-B168-64E385C1032E}
		{53179DB9-8CE2-4DF7-AABB-EDE5BE244BAF} = {663AFE2C-E1E1-476A-B168-64E385C1032E}
		{6E2205F4-2050-424F-ABF5-93B9F5F0F8E4} = {3817EDD4-EDAC-4D87-888D-DBBDA31945DA}
	EndGlobalSection
EndGlobal
