
Microsoft Visual Studio Solution File, Format Version 12.00
# Visual Studio 14
VisualStudioVersion = 14.0.25420.1
MinimumVisualStudioVersion = 10.0.40219.1
Project("{FAE04EC0-301F-11D3-BF4B-00C04F79EFBC}") = "RpcClientTest", "RpcClientTest\RpcClientTest.csproj", "{35BD5758-B6A5-4DC9-90DA-64E9A923753F}"
EndProject
Project("{FAE04EC0-301F-11D3-BF4B-00C04F79EFBC}") = "Model", "Model\Model.csproj", "{2D6E36EC-3E98-4C98-98E8-34AFA8C75F1A}"
EndProject
Project("{FAE04EC0-301F-11D3-BF4B-00C04F79EFBC}") = "Contracts", "Contracts\Contracts.csproj", "{99199B27-51C0-42D9-8DDB-4AFBE45F30CB}"
EndProject
Project("{FAE04EC0-301F-11D3-BF4B-00C04F79EFBC}") = "ServiceImpl", "ServiceImpl\ServiceImpl.csproj", "{B31033F4-8003-47CE-A9B0-E5251B88C5EC}"
EndProject
Project("{FAE04EC0-301F-11D3-BF4B-00C04F79EFBC}") = "RpcLite.TestWeb", "RpcLite.TestWeb\RpcLite.TestWeb.csproj", "{18054E2F-2329-4D7E-B076-451AA60304B8}"
EndProject
Project("{2150E333-8FDC-42A3-9474-1A3956D46DE8}") = "demos", "demos", "{C5A4AB03-645B-4F72-9727-365198593E4F}"
EndProject
Project("{FAE04EC0-301F-11D3-BF4B-00C04F79EFBC}") = "RpcLite.Resolvers.Net40", "ClientAddressResolver\RpcLite.Resolvers.Net40.csproj", "{7AE9591B-8465-4D8A-B27D-51E2EC6FE82C}"
EndProject
Project("{FAE04EC0-301F-11D3-BF4B-00C04F79EFBC}") = "ServiceRepository", "ServiceRepository\ServiceRepository.csproj", "{B96C8A9E-71F3-4143-8FC9-76D5AD70B9B3}"
EndProject
Project("{FAE04EC0-301F-11D3-BF4B-00C04F79EFBC}") = "ServiceRegistry", "ServiceRegistry\ServiceRegistry.csproj", "{B95BEAEC-B6E1-4F31-BCAD-342B78589251}"
EndProject
Project("{FAE04EC0-301F-11D3-BF4B-00C04F79EFBC}") = "ServiceRegistry.Common", "ServiceRegistery.Common\ServiceRegistry.Common.csproj", "{9284345C-1C32-4D92-A6D2-583FDDBF1110}"
EndProject
Project("{8BB2217D-0F2D-49D1-97BC-3654ED321F3B}") = "RpcLite.CoreFx", "RpcLite.CoreFx\RpcLite.CoreFx.xproj", "{C155D138-FAE3-4080-A2BF-F5483BF0B226}"
EndProject
Project("{FAE04EC0-301F-11D3-BF4B-00C04F79EFBC}") = "RpcLite.Net", "RpcLite.AspNet\RpcLite.Net.csproj", "{314F05A6-06C2-476C-BE16-52E068E91229}"
EndProject
Project("{2150E333-8FDC-42A3-9474-1A3956D46DE8}") = "corefx", "corefx", "{663AFE2C-E1E1-476A-B168-64E385C1032E}"
EndProject
Project("{8BB2217D-0F2D-49D1-97BC-3654ED321F3B}") = "RpcLite.NetCore", "RpcLite.AspNetCore\RpcLite.NetCore.xproj", "{53179DB9-8CE2-4DF7-AABB-EDE5BE244BAF}"
EndProject
Project("{FAE04EC0-301F-11D3-BF4B-00C04F79EFBC}") = "RpcLite.Net40", "RpcLite.Net40\RpcLite.Net40.csproj", "{6E2205F4-2050-424F-ABF5-93B9F5F0F8E4}"
EndProject
Project("{2150E333-8FDC-42A3-9474-1A3956D46DE8}") = "net40", "net40", "{3817EDD4-EDAC-4D87-888D-DBBDA31945DA}"
EndProject
Project("{8BB2217D-0F2D-49D1-97BC-3654ED321F3B}") = "RpcLiteTestServiceWeb", "RpcLiteTestServiceWeb\RpcLiteTestServiceWeb.xproj", "{FF2514DB-BAC7-4A4B-A621-5BB8725AA2FB}"
EndProject
Project("{2150E333-8FDC-42A3-9474-1A3956D46DE8}") = "registry", "registry", "{56677A53-0484-41A2-8045-89CB63537E10}"
EndProject
Project("{2150E333-8FDC-42A3-9474-1A3956D46DE8}") = "corefx", "corefx", "{77B3B2FB-6E00-47A5-9627-A573B2EEF72B}"
EndProject
Project("{2150E333-8FDC-42A3-9474-1A3956D46DE8}") = "net40", "net40", "{F64F0246-A706-46A9-8F6A-5C293F6D96C0}"
EndProject
Project("{8BB2217D-0F2D-49D1-97BC-3654ED321F3B}") = "ServiceRegistry.Dal", "ServiceRegistry.Dal\ServiceRegistry.Dal.xproj", "{C6729855-B130-4535-BB6C-40468108634D}"
EndProject
Project("{8BB2217D-0F2D-49D1-97BC-3654ED321F3B}") = "ServiceRegistry.Service", "ServiceRegistry.Service\ServiceRegistry.Service.xproj", "{97CD54CD-FF3A-4D63-A306-4E6BD0DC7B2D}"
EndProject
Project("{8BB2217D-0F2D-49D1-97BC-3654ED321F3B}") = "ServiceRegistry.Domain", "ServiceRegistry.Domain\ServiceRegistry.Domain.xproj", "{CDF1F1C1-7DB3-4340-B70A-52FA47F83B9A}"
EndProject
Project("{8BB2217D-0F2D-49D1-97BC-3654ED321F3B}") = "ServiceRegistry.Repositories", "ServiceRegistry.Repositories\ServiceRegistry.Repositories.xproj", "{83373279-BD74-49C9-ABC7-FCA05EB3E7E9}"
EndProject
Project("{8BB2217D-0F2D-49D1-97BC-3654ED321F3B}") = "ServiceRegistry.Contract", "ServiceRegistry.Contract\ServiceRegistry.Contract.xproj", "{E802D9F9-5A69-4041-9A7C-8646BD975A04}"
EndProject
Project("{8BB2217D-0F2D-49D1-97BC-3654ED321F3B}") = "RpcLite.Resolvers", "RpcLite.Resolvers\RpcLite.Resolvers.xproj", "{FD34E138-11FF-42C7-A559-BF8C1F31528B}"
EndProject
Project("{2150E333-8FDC-42A3-9474-1A3956D46DE8}") = "demos", "demos", "{DDFBB2BD-A403-4FF7-BDED-AA22237E73F7}"
EndProject
Project("{8BB2217D-0F2D-49D1-97BC-3654ED321F3B}") = "RpcLiteClientTestNetCore", "RpcLiteClientTestNetCore\RpcLiteClientTestNetCore.xproj", "{435AA3F0-F09F-43AD-A9A0-C48CF77A186B}"
EndProject
Project("{8BB2217D-0F2D-49D1-97BC-3654ED321F3B}") = "RpcLiteTestService.Contract", "RpcLiteTestService.Contract\RpcLiteTestService.Contract.xproj", "{38C45090-C949-48BB-BC7A-57ECBA03A412}"
EndProject
Project("{2150E333-8FDC-42A3-9474-1A3956D46DE8}") = "test", "test", "{067E5EED-B95F-49F7-B9D7-C5CCDB4F34A6}"
EndProject
Project("{2150E333-8FDC-42A3-9474-1A3956D46DE8}") = "corefx", "corefx", "{6BF24E1F-DFC3-4FD0-A8BD-22657677AAE7}"
EndProject
Project("{2150E333-8FDC-42A3-9474-1A3956D46DE8}") = "net40", "net40", "{8491E3BD-0C0E-48A8-9FC6-09E58EB5EBF5}"
EndProject
Project("{8BB2217D-0F2D-49D1-97BC-3654ED321F3B}") = "ServiceTest.Contract", "ServiceTest\ServiceTest.Contract\ServiceTest.Contract.xproj", "{6F7273D1-B135-4CCC-80CD-95E44A54EBCF}"
EndProject
Project("{8BB2217D-0F2D-49D1-97BC-3654ED321F3B}") = "ServiceTest.WebHost", "ServiceTest\ServiceTest.WebHost\ServiceTest.WebHost.xproj", "{464DFD42-C087-4294-B2C2-3E1C68034B27}"
EndProject
Project("{8BB2217D-0F2D-49D1-97BC-3654ED321F3B}") = "ServiceTest.ServiceImpl", "ServiceTest\ServiceTest.ServiceImpl\ServiceTest.ServiceImpl.xproj", "{8FA0ADA1-CF91-49E2-BB09-CB7519EEFC8D}"
EndProject
Project("{2150E333-8FDC-42A3-9474-1A3956D46DE8}") = "Solution Items", "Solution Items", "{324E7FE0-3F29-47F1-ACE7-F2995D0D2490}"
	ProjectSection(SolutionItems) = preProject
		global.json = global.json
	EndProjectSection
EndProject
Project("{8BB2217D-0F2D-49D1-97BC-3654ED321F3B}") = "ServiceTest.ClientTest", "ServiceTest\ServiceTest.ClientTest\ServiceTest.ClientTest.xproj", "{5C3A0880-78F7-45B6-BE69-04E4243AB09F}"
EndProject
Project("{FAE04EC0-301F-11D3-BF4B-00C04F79EFBC}") = "ServiceTest.ClientTest.net", "ServiceTest\ServiceTest.ClientTest.net\ServiceTest.ClientTest.net.csproj", "{0031AA31-9D52-4CD6-9DDC-F333A0C992BA}"
EndProject
Project("{FAE04EC0-301F-11D3-BF4B-00C04F79EFBC}") = "ServiceTest.Contract.net", "ServiceTest\ServiceTest.Contract.net\ServiceTest.Contract.net.csproj", "{5D2CC80C-942A-4B5A-810D-B8594EFF2937}"
EndProject
Project("{FAE04EC0-301F-11D3-BF4B-00C04F79EFBC}") = "ServiceTest.ServiceImpl.net", "ServiceTest\ServiceTest.ServiceImpl.net\ServiceTest.ServiceImpl.net.csproj", "{02119D4A-06E8-4DEA-BC06-4F0022C89157}"
EndProject
Project("{FAE04EC0-301F-11D3-BF4B-00C04F79EFBC}") = "ServiceTest.WebHost.net", "ServiceTest\ServiceTest.WebHost.net\ServiceTest.WebHost.net.csproj", "{FCF81ED1-1447-4445-B58D-9B01CF5CA803}"
EndProject
Global
	GlobalSection(SolutionConfigurationPlatforms) = preSolution
		Debug|Any CPU = Debug|Any CPU
		Debug|Mixed Platforms = Debug|Mixed Platforms
		Debug|x86 = Debug|x86
		Release|Any CPU = Release|Any CPU
		Release|Mixed Platforms = Release|Mixed Platforms
		Release|x86 = Release|x86
	EndGlobalSection
	GlobalSection(ProjectConfigurationPlatforms) = postSolution
		{35BD5758-B6A5-4DC9-90DA-64E9A923753F}.Debug|Any CPU.ActiveCfg = Debug|Any CPU
		{35BD5758-B6A5-4DC9-90DA-64E9A923753F}.Debug|Any CPU.Build.0 = Debug|Any CPU
		{35BD5758-B6A5-4DC9-90DA-64E9A923753F}.Debug|Mixed Platforms.ActiveCfg = Debug|Any CPU
		{35BD5758-B6A5-4DC9-90DA-64E9A923753F}.Debug|Mixed Platforms.Build.0 = Debug|Any CPU
		{35BD5758-B6A5-4DC9-90DA-64E9A923753F}.Debug|x86.ActiveCfg = Debug|x86
		{35BD5758-B6A5-4DC9-90DA-64E9A923753F}.Debug|x86.Build.0 = Debug|x86
		{35BD5758-B6A5-4DC9-90DA-64E9A923753F}.Release|Any CPU.ActiveCfg = Release|x86
		{35BD5758-B6A5-4DC9-90DA-64E9A923753F}.Release|Mixed Platforms.ActiveCfg = Release|x86
		{35BD5758-B6A5-4DC9-90DA-64E9A923753F}.Release|Mixed Platforms.Build.0 = Release|x86
		{35BD5758-B6A5-4DC9-90DA-64E9A923753F}.Release|x86.ActiveCfg = Release|x86
		{35BD5758-B6A5-4DC9-90DA-64E9A923753F}.Release|x86.Build.0 = Release|x86
		{2D6E36EC-3E98-4C98-98E8-34AFA8C75F1A}.Debug|Any CPU.ActiveCfg = Debug|Any CPU
		{2D6E36EC-3E98-4C98-98E8-34AFA8C75F1A}.Debug|Any CPU.Build.0 = Debug|Any CPU
		{2D6E36EC-3E98-4C98-98E8-34AFA8C75F1A}.Debug|Mixed Platforms.ActiveCfg = Debug|Any CPU
		{2D6E36EC-3E98-4C98-98E8-34AFA8C75F1A}.Debug|Mixed Platforms.Build.0 = Debug|Any CPU
		{2D6E36EC-3E98-4C98-98E8-34AFA8C75F1A}.Debug|x86.ActiveCfg = Debug|x86
		{2D6E36EC-3E98-4C98-98E8-34AFA8C75F1A}.Debug|x86.Build.0 = Debug|x86
		{2D6E36EC-3E98-4C98-98E8-34AFA8C75F1A}.Release|Any CPU.ActiveCfg = Release|Any CPU
		{2D6E36EC-3E98-4C98-98E8-34AFA8C75F1A}.Release|Any CPU.Build.0 = Release|Any CPU
		{2D6E36EC-3E98-4C98-98E8-34AFA8C75F1A}.Release|Mixed Platforms.ActiveCfg = Release|Any CPU
		{2D6E36EC-3E98-4C98-98E8-34AFA8C75F1A}.Release|Mixed Platforms.Build.0 = Release|Any CPU
		{2D6E36EC-3E98-4C98-98E8-34AFA8C75F1A}.Release|x86.ActiveCfg = Release|Any CPU
		{99199B27-51C0-42D9-8DDB-4AFBE45F30CB}.Debug|Any CPU.ActiveCfg = Debug|Any CPU
		{99199B27-51C0-42D9-8DDB-4AFBE45F30CB}.Debug|Any CPU.Build.0 = Debug|Any CPU
		{99199B27-51C0-42D9-8DDB-4AFBE45F30CB}.Debug|Mixed Platforms.ActiveCfg = Debug|Any CPU
		{99199B27-51C0-42D9-8DDB-4AFBE45F30CB}.Debug|Mixed Platforms.Build.0 = Debug|Any CPU
		{99199B27-51C0-42D9-8DDB-4AFBE45F30CB}.Debug|x86.ActiveCfg = Debug|x86
		{99199B27-51C0-42D9-8DDB-4AFBE45F30CB}.Debug|x86.Build.0 = Debug|x86
		{99199B27-51C0-42D9-8DDB-4AFBE45F30CB}.Release|Any CPU.ActiveCfg = Release|Any CPU
		{99199B27-51C0-42D9-8DDB-4AFBE45F30CB}.Release|Any CPU.Build.0 = Release|Any CPU
		{99199B27-51C0-42D9-8DDB-4AFBE45F30CB}.Release|Mixed Platforms.ActiveCfg = Release|Any CPU
		{99199B27-51C0-42D9-8DDB-4AFBE45F30CB}.Release|Mixed Platforms.Build.0 = Release|Any CPU
		{99199B27-51C0-42D9-8DDB-4AFBE45F30CB}.Release|x86.ActiveCfg = Release|Any CPU
		{B31033F4-8003-47CE-A9B0-E5251B88C5EC}.Debug|Any CPU.ActiveCfg = Debug|Any CPU
		{B31033F4-8003-47CE-A9B0-E5251B88C5EC}.Debug|Any CPU.Build.0 = Debug|Any CPU
		{B31033F4-8003-47CE-A9B0-E5251B88C5EC}.Debug|Mixed Platforms.ActiveCfg = Debug|Any CPU
		{B31033F4-8003-47CE-A9B0-E5251B88C5EC}.Debug|Mixed Platforms.Build.0 = Debug|Any CPU
		{B31033F4-8003-47CE-A9B0-E5251B88C5EC}.Debug|x86.ActiveCfg = Debug|x86
		{B31033F4-8003-47CE-A9B0-E5251B88C5EC}.Debug|x86.Build.0 = Debug|x86
		{B31033F4-8003-47CE-A9B0-E5251B88C5EC}.Release|Any CPU.ActiveCfg = Release|Any CPU
		{B31033F4-8003-47CE-A9B0-E5251B88C5EC}.Release|Any CPU.Build.0 = Release|Any CPU
		{B31033F4-8003-47CE-A9B0-E5251B88C5EC}.Release|Mixed Platforms.ActiveCfg = Release|Any CPU
		{B31033F4-8003-47CE-A9B0-E5251B88C5EC}.Release|Mixed Platforms.Build.0 = Release|Any CPU
		{B31033F4-8003-47CE-A9B0-E5251B88C5EC}.Release|x86.ActiveCfg = Release|Any CPU
		{18054E2F-2329-4D7E-B076-451AA60304B8}.Debug|Any CPU.ActiveCfg = Debug|Any CPU
		{18054E2F-2329-4D7E-B076-451AA60304B8}.Debug|Any CPU.Build.0 = Debug|Any CPU
		{18054E2F-2329-4D7E-B076-451AA60304B8}.Debug|Mixed Platforms.ActiveCfg = Debug|Any CPU
		{18054E2F-2329-4D7E-B076-451AA60304B8}.Debug|Mixed Platforms.Build.0 = Debug|Any CPU
		{18054E2F-2329-4D7E-B076-451AA60304B8}.Debug|x86.ActiveCfg = Debug|x86
		{18054E2F-2329-4D7E-B076-451AA60304B8}.Debug|x86.Build.0 = Debug|x86
		{18054E2F-2329-4D7E-B076-451AA60304B8}.Release|Any CPU.ActiveCfg = Release|Any CPU
		{18054E2F-2329-4D7E-B076-451AA60304B8}.Release|Any CPU.Build.0 = Release|Any CPU
		{18054E2F-2329-4D7E-B076-451AA60304B8}.Release|Mixed Platforms.ActiveCfg = Release|Any CPU
		{18054E2F-2329-4D7E-B076-451AA60304B8}.Release|Mixed Platforms.Build.0 = Release|Any CPU
		{18054E2F-2329-4D7E-B076-451AA60304B8}.Release|x86.ActiveCfg = Release|Any CPU
		{7AE9591B-8465-4D8A-B27D-51E2EC6FE82C}.Debug|Any CPU.ActiveCfg = Debug|Any CPU
		{7AE9591B-8465-4D8A-B27D-51E2EC6FE82C}.Debug|Any CPU.Build.0 = Debug|Any CPU
		{7AE9591B-8465-4D8A-B27D-51E2EC6FE82C}.Debug|Mixed Platforms.ActiveCfg = Debug|Any CPU
		{7AE9591B-8465-4D8A-B27D-51E2EC6FE82C}.Debug|Mixed Platforms.Build.0 = Debug|Any CPU
		{7AE9591B-8465-4D8A-B27D-51E2EC6FE82C}.Debug|x86.ActiveCfg = Debug|Any CPU
		{7AE9591B-8465-4D8A-B27D-51E2EC6FE82C}.Release|Any CPU.ActiveCfg = Release|Any CPU
		{7AE9591B-8465-4D8A-B27D-51E2EC6FE82C}.Release|Any CPU.Build.0 = Release|Any CPU
		{7AE9591B-8465-4D8A-B27D-51E2EC6FE82C}.Release|Mixed Platforms.ActiveCfg = Release|Any CPU
		{7AE9591B-8465-4D8A-B27D-51E2EC6FE82C}.Release|Mixed Platforms.Build.0 = Release|Any CPU
		{7AE9591B-8465-4D8A-B27D-51E2EC6FE82C}.Release|x86.ActiveCfg = Release|Any CPU
		{B96C8A9E-71F3-4143-8FC9-76D5AD70B9B3}.Debug|Any CPU.ActiveCfg = Debug|Any CPU
		{B96C8A9E-71F3-4143-8FC9-76D5AD70B9B3}.Debug|Any CPU.Build.0 = Debug|Any CPU
		{B96C8A9E-71F3-4143-8FC9-76D5AD70B9B3}.Debug|Mixed Platforms.ActiveCfg = Debug|Any CPU
		{B96C8A9E-71F3-4143-8FC9-76D5AD70B9B3}.Debug|Mixed Platforms.Build.0 = Debug|Any CPU
		{B96C8A9E-71F3-4143-8FC9-76D5AD70B9B3}.Debug|x86.ActiveCfg = Debug|Any CPU
		{B96C8A9E-71F3-4143-8FC9-76D5AD70B9B3}.Release|Any CPU.ActiveCfg = Release|Any CPU
		{B96C8A9E-71F3-4143-8FC9-76D5AD70B9B3}.Release|Any CPU.Build.0 = Release|Any CPU
		{B96C8A9E-71F3-4143-8FC9-76D5AD70B9B3}.Release|Mixed Platforms.ActiveCfg = Release|Any CPU
		{B96C8A9E-71F3-4143-8FC9-76D5AD70B9B3}.Release|Mixed Platforms.Build.0 = Release|Any CPU
		{B96C8A9E-71F3-4143-8FC9-76D5AD70B9B3}.Release|x86.ActiveCfg = Release|Any CPU
		{B95BEAEC-B6E1-4F31-BCAD-342B78589251}.Debug|Any CPU.ActiveCfg = Debug|Any CPU
		{B95BEAEC-B6E1-4F31-BCAD-342B78589251}.Debug|Any CPU.Build.0 = Debug|Any CPU
		{B95BEAEC-B6E1-4F31-BCAD-342B78589251}.Debug|Mixed Platforms.ActiveCfg = Debug|Any CPU
		{B95BEAEC-B6E1-4F31-BCAD-342B78589251}.Debug|Mixed Platforms.Build.0 = Debug|Any CPU
		{B95BEAEC-B6E1-4F31-BCAD-342B78589251}.Debug|x86.ActiveCfg = Debug|Any CPU
		{B95BEAEC-B6E1-4F31-BCAD-342B78589251}.Release|Any CPU.ActiveCfg = Release|Any CPU
		{B95BEAEC-B6E1-4F31-BCAD-342B78589251}.Release|Any CPU.Build.0 = Release|Any CPU
		{B95BEAEC-B6E1-4F31-BCAD-342B78589251}.Release|Mixed Platforms.ActiveCfg = Release|Any CPU
		{B95BEAEC-B6E1-4F31-BCAD-342B78589251}.Release|Mixed Platforms.Build.0 = Release|Any CPU
		{B95BEAEC-B6E1-4F31-BCAD-342B78589251}.Release|x86.ActiveCfg = Release|Any CPU
		{9284345C-1C32-4D92-A6D2-583FDDBF1110}.Debug|Any CPU.ActiveCfg = Debug|Any CPU
		{9284345C-1C32-4D92-A6D2-583FDDBF1110}.Debug|Any CPU.Build.0 = Debug|Any CPU
		{9284345C-1C32-4D92-A6D2-583FDDBF1110}.Debug|Mixed Platforms.ActiveCfg = Debug|Any CPU
		{9284345C-1C32-4D92-A6D2-583FDDBF1110}.Debug|Mixed Platforms.Build.0 = Debug|Any CPU
		{9284345C-1C32-4D92-A6D2-583FDDBF1110}.Debug|x86.ActiveCfg = Debug|Any CPU
		{9284345C-1C32-4D92-A6D2-583FDDBF1110}.Release|Any CPU.ActiveCfg = Release|Any CPU
		{9284345C-1C32-4D92-A6D2-583FDDBF1110}.Release|Any CPU.Build.0 = Release|Any CPU
		{9284345C-1C32-4D92-A6D2-583FDDBF1110}.Release|Mixed Platforms.ActiveCfg = Release|Any CPU
		{9284345C-1C32-4D92-A6D2-583FDDBF1110}.Release|Mixed Platforms.Build.0 = Release|Any CPU
		{9284345C-1C32-4D92-A6D2-583FDDBF1110}.Release|x86.ActiveCfg = Release|Any CPU
		{C155D138-FAE3-4080-A2BF-F5483BF0B226}.Debug|Any CPU.ActiveCfg = Debug|Any CPU
		{C155D138-FAE3-4080-A2BF-F5483BF0B226}.Debug|Any CPU.Build.0 = Debug|Any CPU
		{C155D138-FAE3-4080-A2BF-F5483BF0B226}.Debug|Mixed Platforms.ActiveCfg = Debug|Any CPU
		{C155D138-FAE3-4080-A2BF-F5483BF0B226}.Debug|Mixed Platforms.Build.0 = Debug|Any CPU
		{C155D138-FAE3-4080-A2BF-F5483BF0B226}.Debug|x86.ActiveCfg = Debug|Any CPU
		{C155D138-FAE3-4080-A2BF-F5483BF0B226}.Debug|x86.Build.0 = Debug|Any CPU
		{C155D138-FAE3-4080-A2BF-F5483BF0B226}.Release|Any CPU.ActiveCfg = Release|Any CPU
		{C155D138-FAE3-4080-A2BF-F5483BF0B226}.Release|Any CPU.Build.0 = Release|Any CPU
		{C155D138-FAE3-4080-A2BF-F5483BF0B226}.Release|Mixed Platforms.ActiveCfg = Release|Any CPU
		{C155D138-FAE3-4080-A2BF-F5483BF0B226}.Release|Mixed Platforms.Build.0 = Release|Any CPU
		{C155D138-FAE3-4080-A2BF-F5483BF0B226}.Release|x86.ActiveCfg = Release|Any CPU
		{C155D138-FAE3-4080-A2BF-F5483BF0B226}.Release|x86.Build.0 = Release|Any CPU
		{314F05A6-06C2-476C-BE16-52E068E91229}.Debug|Any CPU.ActiveCfg = Debug|Any CPU
		{314F05A6-06C2-476C-BE16-52E068E91229}.Debug|Any CPU.Build.0 = Debug|Any CPU
		{314F05A6-06C2-476C-BE16-52E068E91229}.Debug|Mixed Platforms.ActiveCfg = Debug|Any CPU
		{314F05A6-06C2-476C-BE16-52E068E91229}.Debug|Mixed Platforms.Build.0 = Debug|Any CPU
		{314F05A6-06C2-476C-BE16-52E068E91229}.Debug|x86.ActiveCfg = Debug|Any CPU
		{314F05A6-06C2-476C-BE16-52E068E91229}.Debug|x86.Build.0 = Debug|Any CPU
		{314F05A6-06C2-476C-BE16-52E068E91229}.Release|Any CPU.ActiveCfg = Release|Any CPU
		{314F05A6-06C2-476C-BE16-52E068E91229}.Release|Any CPU.Build.0 = Release|Any CPU
		{314F05A6-06C2-476C-BE16-52E068E91229}.Release|Mixed Platforms.ActiveCfg = Release|Any CPU
		{314F05A6-06C2-476C-BE16-52E068E91229}.Release|Mixed Platforms.Build.0 = Release|Any CPU
		{314F05A6-06C2-476C-BE16-52E068E91229}.Release|x86.ActiveCfg = Release|Any CPU
		{314F05A6-06C2-476C-BE16-52E068E91229}.Release|x86.Build.0 = Release|Any CPU
		{53179DB9-8CE2-4DF7-AABB-EDE5BE244BAF}.Debug|Any CPU.ActiveCfg = Debug|Any CPU
		{53179DB9-8CE2-4DF7-AABB-EDE5BE244BAF}.Debug|Any CPU.Build.0 = Debug|Any CPU
		{53179DB9-8CE2-4DF7-AABB-EDE5BE244BAF}.Debug|Mixed Platforms.ActiveCfg = Debug|Any CPU
		{53179DB9-8CE2-4DF7-AABB-EDE5BE244BAF}.Debug|Mixed Platforms.Build.0 = Debug|Any CPU
		{53179DB9-8CE2-4DF7-AABB-EDE5BE244BAF}.Debug|x86.ActiveCfg = Debug|Any CPU
		{53179DB9-8CE2-4DF7-AABB-EDE5BE244BAF}.Debug|x86.Build.0 = Debug|Any CPU
		{53179DB9-8CE2-4DF7-AABB-EDE5BE244BAF}.Release|Any CPU.ActiveCfg = Release|Any CPU
		{53179DB9-8CE2-4DF7-AABB-EDE5BE244BAF}.Release|Any CPU.Build.0 = Release|Any CPU
		{53179DB9-8CE2-4DF7-AABB-EDE5BE244BAF}.Release|Mixed Platforms.ActiveCfg = Release|Any CPU
		{53179DB9-8CE2-4DF7-AABB-EDE5BE244BAF}.Release|Mixed Platforms.Build.0 = Release|Any CPU
		{53179DB9-8CE2-4DF7-AABB-EDE5BE244BAF}.Release|x86.ActiveCfg = Release|Any CPU
		{53179DB9-8CE2-4DF7-AABB-EDE5BE244BAF}.Release|x86.Build.0 = Release|Any CPU
		{6E2205F4-2050-424F-ABF5-93B9F5F0F8E4}.Debug|Any CPU.ActiveCfg = Debug|Any CPU
		{6E2205F4-2050-424F-ABF5-93B9F5F0F8E4}.Debug|Any CPU.Build.0 = Debug|Any CPU
		{6E2205F4-2050-424F-ABF5-93B9F5F0F8E4}.Debug|Mixed Platforms.ActiveCfg = Debug|Any CPU
		{6E2205F4-2050-424F-ABF5-93B9F5F0F8E4}.Debug|Mixed Platforms.Build.0 = Debug|Any CPU
		{6E2205F4-2050-424F-ABF5-93B9F5F0F8E4}.Debug|x86.ActiveCfg = Debug|Any CPU
		{6E2205F4-2050-424F-ABF5-93B9F5F0F8E4}.Debug|x86.Build.0 = Debug|Any CPU
		{6E2205F4-2050-424F-ABF5-93B9F5F0F8E4}.Release|Any CPU.ActiveCfg = Release|Any CPU
		{6E2205F4-2050-424F-ABF5-93B9F5F0F8E4}.Release|Any CPU.Build.0 = Release|Any CPU
		{6E2205F4-2050-424F-ABF5-93B9F5F0F8E4}.Release|Mixed Platforms.ActiveCfg = Release|Any CPU
		{6E2205F4-2050-424F-ABF5-93B9F5F0F8E4}.Release|Mixed Platforms.Build.0 = Release|Any CPU
		{6E2205F4-2050-424F-ABF5-93B9F5F0F8E4}.Release|x86.ActiveCfg = Release|Any CPU
		{6E2205F4-2050-424F-ABF5-93B9F5F0F8E4}.Release|x86.Build.0 = Release|Any CPU
		{FF2514DB-BAC7-4A4B-A621-5BB8725AA2FB}.Debug|Any CPU.ActiveCfg = Debug|Any CPU
		{FF2514DB-BAC7-4A4B-A621-5BB8725AA2FB}.Debug|Any CPU.Build.0 = Debug|Any CPU
		{FF2514DB-BAC7-4A4B-A621-5BB8725AA2FB}.Debug|Mixed Platforms.ActiveCfg = Debug|Any CPU
		{FF2514DB-BAC7-4A4B-A621-5BB8725AA2FB}.Debug|Mixed Platforms.Build.0 = Debug|Any CPU
		{FF2514DB-BAC7-4A4B-A621-5BB8725AA2FB}.Debug|x86.ActiveCfg = Debug|Any CPU
		{FF2514DB-BAC7-4A4B-A621-5BB8725AA2FB}.Debug|x86.Build.0 = Debug|Any CPU
		{FF2514DB-BAC7-4A4B-A621-5BB8725AA2FB}.Release|Any CPU.ActiveCfg = Release|Any CPU
		{FF2514DB-BAC7-4A4B-A621-5BB8725AA2FB}.Release|Any CPU.Build.0 = Release|Any CPU
		{FF2514DB-BAC7-4A4B-A621-5BB8725AA2FB}.Release|Mixed Platforms.ActiveCfg = Release|Any CPU
		{FF2514DB-BAC7-4A4B-A621-5BB8725AA2FB}.Release|Mixed Platforms.Build.0 = Release|Any CPU
		{FF2514DB-BAC7-4A4B-A621-5BB8725AA2FB}.Release|x86.ActiveCfg = Release|Any CPU
		{FF2514DB-BAC7-4A4B-A621-5BB8725AA2FB}.Release|x86.Build.0 = Release|Any CPU
		{C6729855-B130-4535-BB6C-40468108634D}.Debug|Any CPU.ActiveCfg = Debug|Any CPU
		{C6729855-B130-4535-BB6C-40468108634D}.Debug|Any CPU.Build.0 = Debug|Any CPU
		{C6729855-B130-4535-BB6C-40468108634D}.Debug|Mixed Platforms.ActiveCfg = Debug|Any CPU
		{C6729855-B130-4535-BB6C-40468108634D}.Debug|Mixed Platforms.Build.0 = Debug|Any CPU
		{C6729855-B130-4535-BB6C-40468108634D}.Debug|x86.ActiveCfg = Debug|Any CPU
		{C6729855-B130-4535-BB6C-40468108634D}.Debug|x86.Build.0 = Debug|Any CPU
		{C6729855-B130-4535-BB6C-40468108634D}.Release|Any CPU.ActiveCfg = Release|Any CPU
		{C6729855-B130-4535-BB6C-40468108634D}.Release|Any CPU.Build.0 = Release|Any CPU
		{C6729855-B130-4535-BB6C-40468108634D}.Release|Mixed Platforms.ActiveCfg = Release|Any CPU
		{C6729855-B130-4535-BB6C-40468108634D}.Release|Mixed Platforms.Build.0 = Release|Any CPU
		{C6729855-B130-4535-BB6C-40468108634D}.Release|x86.ActiveCfg = Release|Any CPU
		{C6729855-B130-4535-BB6C-40468108634D}.Release|x86.Build.0 = Release|Any CPU
		{97CD54CD-FF3A-4D63-A306-4E6BD0DC7B2D}.Debug|Any CPU.ActiveCfg = Debug|Any CPU
		{97CD54CD-FF3A-4D63-A306-4E6BD0DC7B2D}.Debug|Any CPU.Build.0 = Debug|Any CPU
		{97CD54CD-FF3A-4D63-A306-4E6BD0DC7B2D}.Debug|Mixed Platforms.ActiveCfg = Debug|Any CPU
		{97CD54CD-FF3A-4D63-A306-4E6BD0DC7B2D}.Debug|Mixed Platforms.Build.0 = Debug|Any CPU
		{97CD54CD-FF3A-4D63-A306-4E6BD0DC7B2D}.Debug|x86.ActiveCfg = Debug|Any CPU
		{97CD54CD-FF3A-4D63-A306-4E6BD0DC7B2D}.Debug|x86.Build.0 = Debug|Any CPU
		{97CD54CD-FF3A-4D63-A306-4E6BD0DC7B2D}.Release|Any CPU.ActiveCfg = Release|Any CPU
		{97CD54CD-FF3A-4D63-A306-4E6BD0DC7B2D}.Release|Any CPU.Build.0 = Release|Any CPU
		{97CD54CD-FF3A-4D63-A306-4E6BD0DC7B2D}.Release|Mixed Platforms.ActiveCfg = Release|Any CPU
		{97CD54CD-FF3A-4D63-A306-4E6BD0DC7B2D}.Release|Mixed Platforms.Build.0 = Release|Any CPU
		{97CD54CD-FF3A-4D63-A306-4E6BD0DC7B2D}.Release|x86.ActiveCfg = Release|Any CPU
		{97CD54CD-FF3A-4D63-A306-4E6BD0DC7B2D}.Release|x86.Build.0 = Release|Any CPU
		{CDF1F1C1-7DB3-4340-B70A-52FA47F83B9A}.Debug|Any CPU.ActiveCfg = Debug|Any CPU
		{CDF1F1C1-7DB3-4340-B70A-52FA47F83B9A}.Debug|Any CPU.Build.0 = Debug|Any CPU
		{CDF1F1C1-7DB3-4340-B70A-52FA47F83B9A}.Debug|Mixed Platforms.ActiveCfg = Debug|Any CPU
		{CDF1F1C1-7DB3-4340-B70A-52FA47F83B9A}.Debug|Mixed Platforms.Build.0 = Debug|Any CPU
		{CDF1F1C1-7DB3-4340-B70A-52FA47F83B9A}.Debug|x86.ActiveCfg = Debug|Any CPU
		{CDF1F1C1-7DB3-4340-B70A-52FA47F83B9A}.Debug|x86.Build.0 = Debug|Any CPU
		{CDF1F1C1-7DB3-4340-B70A-52FA47F83B9A}.Release|Any CPU.ActiveCfg = Release|Any CPU
		{CDF1F1C1-7DB3-4340-B70A-52FA47F83B9A}.Release|Any CPU.Build.0 = Release|Any CPU
		{CDF1F1C1-7DB3-4340-B70A-52FA47F83B9A}.Release|Mixed Platforms.ActiveCfg = Release|Any CPU
		{CDF1F1C1-7DB3-4340-B70A-52FA47F83B9A}.Release|Mixed Platforms.Build.0 = Release|Any CPU
		{CDF1F1C1-7DB3-4340-B70A-52FA47F83B9A}.Release|x86.ActiveCfg = Release|Any CPU
		{CDF1F1C1-7DB3-4340-B70A-52FA47F83B9A}.Release|x86.Build.0 = Release|Any CPU
		{83373279-BD74-49C9-ABC7-FCA05EB3E7E9}.Debug|Any CPU.ActiveCfg = Debug|Any CPU
		{83373279-BD74-49C9-ABC7-FCA05EB3E7E9}.Debug|Any CPU.Build.0 = Debug|Any CPU
		{83373279-BD74-49C9-ABC7-FCA05EB3E7E9}.Debug|Mixed Platforms.ActiveCfg = Debug|Any CPU
		{83373279-BD74-49C9-ABC7-FCA05EB3E7E9}.Debug|Mixed Platforms.Build.0 = Debug|Any CPU
		{83373279-BD74-49C9-ABC7-FCA05EB3E7E9}.Debug|x86.ActiveCfg = Debug|Any CPU
		{83373279-BD74-49C9-ABC7-FCA05EB3E7E9}.Debug|x86.Build.0 = Debug|Any CPU
		{83373279-BD74-49C9-ABC7-FCA05EB3E7E9}.Release|Any CPU.ActiveCfg = Release|Any CPU
		{83373279-BD74-49C9-ABC7-FCA05EB3E7E9}.Release|Any CPU.Build.0 = Release|Any CPU
		{83373279-BD74-49C9-ABC7-FCA05EB3E7E9}.Release|Mixed Platforms.ActiveCfg = Release|Any CPU
		{83373279-BD74-49C9-ABC7-FCA05EB3E7E9}.Release|Mixed Platforms.Build.0 = Release|Any CPU
		{83373279-BD74-49C9-ABC7-FCA05EB3E7E9}.Release|x86.ActiveCfg = Release|Any CPU
		{83373279-BD74-49C9-ABC7-FCA05EB3E7E9}.Release|x86.Build.0 = Release|Any CPU
		{E802D9F9-5A69-4041-9A7C-8646BD975A04}.Debug|Any CPU.ActiveCfg = Debug|Any CPU
		{E802D9F9-5A69-4041-9A7C-8646BD975A04}.Debug|Any CPU.Build.0 = Debug|Any CPU
		{E802D9F9-5A69-4041-9A7C-8646BD975A04}.Debug|Mixed Platforms.ActiveCfg = Debug|Any CPU
		{E802D9F9-5A69-4041-9A7C-8646BD975A04}.Debug|Mixed Platforms.Build.0 = Debug|Any CPU
		{E802D9F9-5A69-4041-9A7C-8646BD975A04}.Debug|x86.ActiveCfg = Debug|Any CPU
		{E802D9F9-5A69-4041-9A7C-8646BD975A04}.Debug|x86.Build.0 = Debug|Any CPU
		{E802D9F9-5A69-4041-9A7C-8646BD975A04}.Release|Any CPU.ActiveCfg = Release|Any CPU
		{E802D9F9-5A69-4041-9A7C-8646BD975A04}.Release|Any CPU.Build.0 = Release|Any CPU
		{E802D9F9-5A69-4041-9A7C-8646BD975A04}.Release|Mixed Platforms.ActiveCfg = Release|Any CPU
		{E802D9F9-5A69-4041-9A7C-8646BD975A04}.Release|Mixed Platforms.Build.0 = Release|Any CPU
		{E802D9F9-5A69-4041-9A7C-8646BD975A04}.Release|x86.ActiveCfg = Release|Any CPU
		{E802D9F9-5A69-4041-9A7C-8646BD975A04}.Release|x86.Build.0 = Release|Any CPU
		{FD34E138-11FF-42C7-A559-BF8C1F31528B}.Debug|Any CPU.ActiveCfg = Debug|Any CPU
		{FD34E138-11FF-42C7-A559-BF8C1F31528B}.Debug|Any CPU.Build.0 = Debug|Any CPU
		{FD34E138-11FF-42C7-A559-BF8C1F31528B}.Debug|Mixed Platforms.ActiveCfg = Debug|Any CPU
		{FD34E138-11FF-42C7-A559-BF8C1F31528B}.Debug|Mixed Platforms.Build.0 = Debug|Any CPU
		{FD34E138-11FF-42C7-A559-BF8C1F31528B}.Debug|x86.ActiveCfg = Debug|Any CPU
		{FD34E138-11FF-42C7-A559-BF8C1F31528B}.Debug|x86.Build.0 = Debug|Any CPU
		{FD34E138-11FF-42C7-A559-BF8C1F31528B}.Release|Any CPU.ActiveCfg = Release|Any CPU
		{FD34E138-11FF-42C7-A559-BF8C1F31528B}.Release|Any CPU.Build.0 = Release|Any CPU
		{FD34E138-11FF-42C7-A559-BF8C1F31528B}.Release|Mixed Platforms.ActiveCfg = Release|Any CPU
		{FD34E138-11FF-42C7-A559-BF8C1F31528B}.Release|Mixed Platforms.Build.0 = Release|Any CPU
		{FD34E138-11FF-42C7-A559-BF8C1F31528B}.Release|x86.ActiveCfg = Release|Any CPU
		{FD34E138-11FF-42C7-A559-BF8C1F31528B}.Release|x86.Build.0 = Release|Any CPU
		{435AA3F0-F09F-43AD-A9A0-C48CF77A186B}.Debug|Any CPU.ActiveCfg = Debug|Any CPU
		{435AA3F0-F09F-43AD-A9A0-C48CF77A186B}.Debug|Any CPU.Build.0 = Debug|Any CPU
		{435AA3F0-F09F-43AD-A9A0-C48CF77A186B}.Debug|Mixed Platforms.ActiveCfg = Debug|Any CPU
		{435AA3F0-F09F-43AD-A9A0-C48CF77A186B}.Debug|Mixed Platforms.Build.0 = Debug|Any CPU
		{435AA3F0-F09F-43AD-A9A0-C48CF77A186B}.Debug|x86.ActiveCfg = Debug|Any CPU
		{435AA3F0-F09F-43AD-A9A0-C48CF77A186B}.Debug|x86.Build.0 = Debug|Any CPU
		{435AA3F0-F09F-43AD-A9A0-C48CF77A186B}.Release|Any CPU.ActiveCfg = Release|Any CPU
		{435AA3F0-F09F-43AD-A9A0-C48CF77A186B}.Release|Any CPU.Build.0 = Release|Any CPU
		{435AA3F0-F09F-43AD-A9A0-C48CF77A186B}.Release|Mixed Platforms.ActiveCfg = Release|Any CPU
		{435AA3F0-F09F-43AD-A9A0-C48CF77A186B}.Release|Mixed Platforms.Build.0 = Release|Any CPU
		{435AA3F0-F09F-43AD-A9A0-C48CF77A186B}.Release|x86.ActiveCfg = Release|Any CPU
		{435AA3F0-F09F-43AD-A9A0-C48CF77A186B}.Release|x86.Build.0 = Release|Any CPU
		{38C45090-C949-48BB-BC7A-57ECBA03A412}.Debug|Any CPU.ActiveCfg = Debug|Any CPU
		{38C45090-C949-48BB-BC7A-57ECBA03A412}.Debug|Any CPU.Build.0 = Debug|Any CPU
		{38C45090-C949-48BB-BC7A-57ECBA03A412}.Debug|Mixed Platforms.ActiveCfg = Debug|Any CPU
		{38C45090-C949-48BB-BC7A-57ECBA03A412}.Debug|Mixed Platforms.Build.0 = Debug|Any CPU
		{38C45090-C949-48BB-BC7A-57ECBA03A412}.Debug|x86.ActiveCfg = Debug|Any CPU
		{38C45090-C949-48BB-BC7A-57ECBA03A412}.Debug|x86.Build.0 = Debug|Any CPU
		{38C45090-C949-48BB-BC7A-57ECBA03A412}.Release|Any CPU.ActiveCfg = Release|Any CPU
		{38C45090-C949-48BB-BC7A-57ECBA03A412}.Release|Any CPU.Build.0 = Release|Any CPU
		{38C45090-C949-48BB-BC7A-57ECBA03A412}.Release|Mixed Platforms.ActiveCfg = Release|Any CPU
		{38C45090-C949-48BB-BC7A-57ECBA03A412}.Release|Mixed Platforms.Build.0 = Release|Any CPU
		{38C45090-C949-48BB-BC7A-57ECBA03A412}.Release|x86.ActiveCfg = Release|Any CPU
		{38C45090-C949-48BB-BC7A-57ECBA03A412}.Release|x86.Build.0 = Release|Any CPU
		{6F7273D1-B135-4CCC-80CD-95E44A54EBCF}.Debug|Any CPU.ActiveCfg = Debug|Any CPU
		{6F7273D1-B135-4CCC-80CD-95E44A54EBCF}.Debug|Any CPU.Build.0 = Debug|Any CPU
		{6F7273D1-B135-4CCC-80CD-95E44A54EBCF}.Debug|Mixed Platforms.ActiveCfg = Debug|Any CPU
		{6F7273D1-B135-4CCC-80CD-95E44A54EBCF}.Debug|Mixed Platforms.Build.0 = Debug|Any CPU
		{6F7273D1-B135-4CCC-80CD-95E44A54EBCF}.Debug|x86.ActiveCfg = Debug|Any CPU
		{6F7273D1-B135-4CCC-80CD-95E44A54EBCF}.Debug|x86.Build.0 = Debug|Any CPU
		{6F7273D1-B135-4CCC-80CD-95E44A54EBCF}.Release|Any CPU.ActiveCfg = Release|Any CPU
		{6F7273D1-B135-4CCC-80CD-95E44A54EBCF}.Release|Any CPU.Build.0 = Release|Any CPU
		{6F7273D1-B135-4CCC-80CD-95E44A54EBCF}.Release|Mixed Platforms.ActiveCfg = Release|Any CPU
		{6F7273D1-B135-4CCC-80CD-95E44A54EBCF}.Release|Mixed Platforms.Build.0 = Release|Any CPU
		{6F7273D1-B135-4CCC-80CD-95E44A54EBCF}.Release|x86.ActiveCfg = Release|Any CPU
		{6F7273D1-B135-4CCC-80CD-95E44A54EBCF}.Release|x86.Build.0 = Release|Any CPU
		{464DFD42-C087-4294-B2C2-3E1C68034B27}.Debug|Any CPU.ActiveCfg = Debug|Any CPU
		{464DFD42-C087-4294-B2C2-3E1C68034B27}.Debug|Any CPU.Build.0 = Debug|Any CPU
		{464DFD42-C087-4294-B2C2-3E1C68034B27}.Debug|Mixed Platforms.ActiveCfg = Debug|Any CPU
		{464DFD42-C087-4294-B2C2-3E1C68034B27}.Debug|Mixed Platforms.Build.0 = Debug|Any CPU
		{464DFD42-C087-4294-B2C2-3E1C68034B27}.Debug|x86.ActiveCfg = Debug|Any CPU
		{464DFD42-C087-4294-B2C2-3E1C68034B27}.Debug|x86.Build.0 = Debug|Any CPU
		{464DFD42-C087-4294-B2C2-3E1C68034B27}.Release|Any CPU.ActiveCfg = Release|Any CPU
		{464DFD42-C087-4294-B2C2-3E1C68034B27}.Release|Any CPU.Build.0 = Release|Any CPU
		{464DFD42-C087-4294-B2C2-3E1C68034B27}.Release|Mixed Platforms.ActiveCfg = Release|Any CPU
		{464DFD42-C087-4294-B2C2-3E1C68034B27}.Release|Mixed Platforms.Build.0 = Release|Any CPU
		{464DFD42-C087-4294-B2C2-3E1C68034B27}.Release|x86.ActiveCfg = Release|Any CPU
		{464DFD42-C087-4294-B2C2-3E1C68034B27}.Release|x86.Build.0 = Release|Any CPU
		{8FA0ADA1-CF91-49E2-BB09-CB7519EEFC8D}.Debug|Any CPU.ActiveCfg = Debug|Any CPU
		{8FA0ADA1-CF91-49E2-BB09-CB7519EEFC8D}.Debug|Any CPU.Build.0 = Debug|Any CPU
		{8FA0ADA1-CF91-49E2-BB09-CB7519EEFC8D}.Debug|Mixed Platforms.ActiveCfg = Debug|Any CPU
		{8FA0ADA1-CF91-49E2-BB09-CB7519EEFC8D}.Debug|Mixed Platforms.Build.0 = Debug|Any CPU
		{8FA0ADA1-CF91-49E2-BB09-CB7519EEFC8D}.Debug|x86.ActiveCfg = Debug|Any CPU
		{8FA0ADA1-CF91-49E2-BB09-CB7519EEFC8D}.Debug|x86.Build.0 = Debug|Any CPU
		{8FA0ADA1-CF91-49E2-BB09-CB7519EEFC8D}.Release|Any CPU.ActiveCfg = Release|Any CPU
		{8FA0ADA1-CF91-49E2-BB09-CB7519EEFC8D}.Release|Any CPU.Build.0 = Release|Any CPU
		{8FA0ADA1-CF91-49E2-BB09-CB7519EEFC8D}.Release|Mixed Platforms.ActiveCfg = Release|Any CPU
		{8FA0ADA1-CF91-49E2-BB09-CB7519EEFC8D}.Release|Mixed Platforms.Build.0 = Release|Any CPU
		{8FA0ADA1-CF91-49E2-BB09-CB7519EEFC8D}.Release|x86.ActiveCfg = Release|Any CPU
		{8FA0ADA1-CF91-49E2-BB09-CB7519EEFC8D}.Release|x86.Build.0 = Release|Any CPU
		{5C3A0880-78F7-45B6-BE69-04E4243AB09F}.Debug|Any CPU.ActiveCfg = Debug|Any CPU
		{5C3A0880-78F7-45B6-BE69-04E4243AB09F}.Debug|Any CPU.Build.0 = Debug|Any CPU
		{5C3A0880-78F7-45B6-BE69-04E4243AB09F}.Debug|Mixed Platforms.ActiveCfg = Debug|Any CPU
		{5C3A0880-78F7-45B6-BE69-04E4243AB09F}.Debug|Mixed Platforms.Build.0 = Debug|Any CPU
		{5C3A0880-78F7-45B6-BE69-04E4243AB09F}.Debug|x86.ActiveCfg = Debug|Any CPU
		{5C3A0880-78F7-45B6-BE69-04E4243AB09F}.Debug|x86.Build.0 = Debug|Any CPU
		{5C3A0880-78F7-45B6-BE69-04E4243AB09F}.Release|Any CPU.ActiveCfg = Release|Any CPU
		{5C3A0880-78F7-45B6-BE69-04E4243AB09F}.Release|Any CPU.Build.0 = Release|Any CPU
		{5C3A0880-78F7-45B6-BE69-04E4243AB09F}.Release|Mixed Platforms.ActiveCfg = Release|Any CPU
		{5C3A0880-78F7-45B6-BE69-04E4243AB09F}.Release|Mixed Platforms.Build.0 = Release|Any CPU
		{5C3A0880-78F7-45B6-BE69-04E4243AB09F}.Release|x86.ActiveCfg = Release|Any CPU
		{5C3A0880-78F7-45B6-BE69-04E4243AB09F}.Release|x86.Build.0 = Release|Any CPU
		{0031AA31-9D52-4CD6-9DDC-F333A0C992BA}.Debug|Any CPU.ActiveCfg = Debug|Any CPU
		{0031AA31-9D52-4CD6-9DDC-F333A0C992BA}.Debug|Any CPU.Build.0 = Debug|Any CPU
		{0031AA31-9D52-4CD6-9DDC-F333A0C992BA}.Debug|Mixed Platforms.ActiveCfg = Debug|Any CPU
		{0031AA31-9D52-4CD6-9DDC-F333A0C992BA}.Debug|Mixed Platforms.Build.0 = Debug|Any CPU
		{0031AA31-9D52-4CD6-9DDC-F333A0C992BA}.Debug|x86.ActiveCfg = Debug|Any CPU
		{0031AA31-9D52-4CD6-9DDC-F333A0C992BA}.Debug|x86.Build.0 = Debug|Any CPU
		{0031AA31-9D52-4CD6-9DDC-F333A0C992BA}.Release|Any CPU.ActiveCfg = Release|Any CPU
		{0031AA31-9D52-4CD6-9DDC-F333A0C992BA}.Release|Any CPU.Build.0 = Release|Any CPU
		{0031AA31-9D52-4CD6-9DDC-F333A0C992BA}.Release|Mixed Platforms.ActiveCfg = Release|Any CPU
		{0031AA31-9D52-4CD6-9DDC-F333A0C992BA}.Release|Mixed Platforms.Build.0 = Release|Any CPU
		{0031AA31-9D52-4CD6-9DDC-F333A0C992BA}.Release|x86.ActiveCfg = Release|Any CPU
		{0031AA31-9D52-4CD6-9DDC-F333A0C992BA}.Release|x86.Build.0 = Release|Any CPU
		{5D2CC80C-942A-4B5A-810D-B8594EFF2937}.Debug|Any CPU.ActiveCfg = Debug|Any CPU
		{5D2CC80C-942A-4B5A-810D-B8594EFF2937}.Debug|Any CPU.Build.0 = Debug|Any CPU
		{5D2CC80C-942A-4B5A-810D-B8594EFF2937}.Debug|Mixed Platforms.ActiveCfg = Debug|Any CPU
		{5D2CC80C-942A-4B5A-810D-B8594EFF2937}.Debug|Mixed Platforms.Build.0 = Debug|Any CPU
		{5D2CC80C-942A-4B5A-810D-B8594EFF2937}.Debug|x86.ActiveCfg = Debug|Any CPU
		{5D2CC80C-942A-4B5A-810D-B8594EFF2937}.Debug|x86.Build.0 = Debug|Any CPU
		{5D2CC80C-942A-4B5A-810D-B8594EFF2937}.Release|Any CPU.ActiveCfg = Release|Any CPU
		{5D2CC80C-942A-4B5A-810D-B8594EFF2937}.Release|Any CPU.Build.0 = Release|Any CPU
		{5D2CC80C-942A-4B5A-810D-B8594EFF2937}.Release|Mixed Platforms.ActiveCfg = Release|Any CPU
		{5D2CC80C-942A-4B5A-810D-B8594EFF2937}.Release|Mixed Platforms.Build.0 = Release|Any CPU
		{5D2CC80C-942A-4B5A-810D-B8594EFF2937}.Release|x86.ActiveCfg = Release|Any CPU
		{5D2CC80C-942A-4B5A-810D-B8594EFF2937}.Release|x86.Build.0 = Release|Any CPU
		{02119D4A-06E8-4DEA-BC06-4F0022C89157}.Debug|Any CPU.ActiveCfg = Debug|Any CPU
		{02119D4A-06E8-4DEA-BC06-4F0022C89157}.Debug|Any CPU.Build.0 = Debug|Any CPU
		{02119D4A-06E8-4DEA-BC06-4F0022C89157}.Debug|Mixed Platforms.ActiveCfg = Debug|Any CPU
		{02119D4A-06E8-4DEA-BC06-4F0022C89157}.Debug|Mixed Platforms.Build.0 = Debug|Any CPU
		{02119D4A-06E8-4DEA-BC06-4F0022C89157}.Debug|x86.ActiveCfg = Debug|Any CPU
		{02119D4A-06E8-4DEA-BC06-4F0022C89157}.Debug|x86.Build.0 = Debug|Any CPU
		{02119D4A-06E8-4DEA-BC06-4F0022C89157}.Release|Any CPU.ActiveCfg = Release|Any CPU
		{02119D4A-06E8-4DEA-BC06-4F0022C89157}.Release|Any CPU.Build.0 = Release|Any CPU
		{02119D4A-06E8-4DEA-BC06-4F0022C89157}.Release|Mixed Platforms.ActiveCfg = Release|Any CPU
		{02119D4A-06E8-4DEA-BC06-4F0022C89157}.Release|Mixed Platforms.Build.0 = Release|Any CPU
		{02119D4A-06E8-4DEA-BC06-4F0022C89157}.Release|x86.ActiveCfg = Release|Any CPU
		{02119D4A-06E8-4DEA-BC06-4F0022C89157}.Release|x86.Build.0 = Release|Any CPU
		{FCF81ED1-1447-4445-B58D-9B01CF5CA803}.Debug|Any CPU.ActiveCfg = Debug|Any CPU
		{FCF81ED1-1447-4445-B58D-9B01CF5CA803}.Debug|Any CPU.Build.0 = Debug|Any CPU
		{FCF81ED1-1447-4445-B58D-9B01CF5CA803}.Debug|Mixed Platforms.ActiveCfg = Debug|Any CPU
		{FCF81ED1-1447-4445-B58D-9B01CF5CA803}.Debug|Mixed Platforms.Build.0 = Debug|Any CPU
		{FCF81ED1-1447-4445-B58D-9B01CF5CA803}.Debug|x86.ActiveCfg = Debug|Any CPU
		{FCF81ED1-1447-4445-B58D-9B01CF5CA803}.Debug|x86.Build.0 = Debug|Any CPU
		{FCF81ED1-1447-4445-B58D-9B01CF5CA803}.Release|Any CPU.ActiveCfg = Release|Any CPU
		{FCF81ED1-1447-4445-B58D-9B01CF5CA803}.Release|Any CPU.Build.0 = Release|Any CPU
		{FCF81ED1-1447-4445-B58D-9B01CF5CA803}.Release|Mixed Platforms.ActiveCfg = Release|Any CPU
		{FCF81ED1-1447-4445-B58D-9B01CF5CA803}.Release|Mixed Platforms.Build.0 = Release|Any CPU
		{FCF81ED1-1447-4445-B58D-9B01CF5CA803}.Release|x86.ActiveCfg = Release|Any CPU
		{FCF81ED1-1447-4445-B58D-9B01CF5CA803}.Release|x86.Build.0 = Release|Any CPU
	EndGlobalSection
	GlobalSection(SolutionProperties) = preSolution
		HideSolutionNode = FALSE
	EndGlobalSection
	GlobalSection(NestedProjects) = preSolution
		{35BD5758-B6A5-4DC9-90DA-64E9A923753F} = {C5A4AB03-645B-4F72-9727-365198593E4F}
		{2D6E36EC-3E98-4C98-98E8-34AFA8C75F1A} = {C5A4AB03-645B-4F72-9727-365198593E4F}
		{99199B27-51C0-42D9-8DDB-4AFBE45F30CB} = {C5A4AB03-645B-4F72-9727-365198593E4F}
		{B31033F4-8003-47CE-A9B0-E5251B88C5EC} = {C5A4AB03-645B-4F72-9727-365198593E4F}
		{18054E2F-2329-4D7E-B076-451AA60304B8} = {C5A4AB03-645B-4F72-9727-365198593E4F}
		{C5A4AB03-645B-4F72-9727-365198593E4F} = {3817EDD4-EDAC-4D87-888D-DBBDA31945DA}
		{7AE9591B-8465-4D8A-B27D-51E2EC6FE82C} = {3817EDD4-EDAC-4D87-888D-DBBDA31945DA}
		{B96C8A9E-71F3-4143-8FC9-76D5AD70B9B3} = {F64F0246-A706-46A9-8F6A-5C293F6D96C0}
		{B95BEAEC-B6E1-4F31-BCAD-342B78589251} = {F64F0246-A706-46A9-8F6A-5C293F6D96C0}
		{9284345C-1C32-4D92-A6D2-583FDDBF1110} = {F64F0246-A706-46A9-8F6A-5C293F6D96C0}
		{C155D138-FAE3-4080-A2BF-F5483BF0B226} = {663AFE2C-E1E1-476A-B168-64E385C1032E}
		{314F05A6-06C2-476C-BE16-52E068E91229} = {3817EDD4-EDAC-4D87-888D-DBBDA31945DA}
		{53179DB9-8CE2-4DF7-AABB-EDE5BE244BAF} = {663AFE2C-E1E1-476A-B168-64E385C1032E}
		{6E2205F4-2050-424F-ABF5-93B9F5F0F8E4} = {3817EDD4-EDAC-4D87-888D-DBBDA31945DA}
		{FF2514DB-BAC7-4A4B-A621-5BB8725AA2FB} = {DDFBB2BD-A403-4FF7-BDED-AA22237E73F7}
		{77B3B2FB-6E00-47A5-9627-A573B2EEF72B} = {56677A53-0484-41A2-8045-89CB63537E10}
		{F64F0246-A706-46A9-8F6A-5C293F6D96C0} = {56677A53-0484-41A2-8045-89CB63537E10}
		{C6729855-B130-4535-BB6C-40468108634D} = {77B3B2FB-6E00-47A5-9627-A573B2EEF72B}
		{97CD54CD-FF3A-4D63-A306-4E6BD0DC7B2D} = {77B3B2FB-6E00-47A5-9627-A573B2EEF72B}
		{CDF1F1C1-7DB3-4340-B70A-52FA47F83B9A} = {77B3B2FB-6E00-47A5-9627-A573B2EEF72B}
		{83373279-BD74-49C9-ABC7-FCA05EB3E7E9} = {77B3B2FB-6E00-47A5-9627-A573B2EEF72B}
		{E802D9F9-5A69-4041-9A7C-8646BD975A04} = {77B3B2FB-6E00-47A5-9627-A573B2EEF72B}
		{FD34E138-11FF-42C7-A559-BF8C1F31528B} = {663AFE2C-E1E1-476A-B168-64E385C1032E}
		{DDFBB2BD-A403-4FF7-BDED-AA22237E73F7} = {663AFE2C-E1E1-476A-B168-64E385C1032E}
		{435AA3F0-F09F-43AD-A9A0-C48CF77A186B} = {DDFBB2BD-A403-4FF7-BDED-AA22237E73F7}
		{38C45090-C949-48BB-BC7A-57ECBA03A412} = {DDFBB2BD-A403-4FF7-BDED-AA22237E73F7}
		{6BF24E1F-DFC3-4FD0-A8BD-22657677AAE7} = {067E5EED-B95F-49F7-B9D7-C5CCDB4F34A6}
		{8491E3BD-0C0E-48A8-9FC6-09E58EB5EBF5} = {067E5EED-B95F-49F7-B9D7-C5CCDB4F34A6}
		{6F7273D1-B135-4CCC-80CD-95E44A54EBCF} = {6BF24E1F-DFC3-4FD0-A8BD-22657677AAE7}
		{464DFD42-C087-4294-B2C2-3E1C68034B27} = {6BF24E1F-DFC3-4FD0-A8BD-22657677AAE7}
		{8FA0ADA1-CF91-49E2-BB09-CB7519EEFC8D} = {6BF24E1F-DFC3-4FD0-A8BD-22657677AAE7}
		{5C3A0880-78F7-45B6-BE69-04E4243AB09F} = {6BF24E1F-DFC3-4FD0-A8BD-22657677AAE7}
		{0031AA31-9D52-4CD6-9DDC-F333A0C992BA} = {8491E3BD-0C0E-48A8-9FC6-09E58EB5EBF5}
		{5D2CC80C-942A-4B5A-810D-B8594EFF2937} = {8491E3BD-0C0E-48A8-9FC6-09E58EB5EBF5}
		{02119D4A-06E8-4DEA-BC06-4F0022C89157} = {8491E3BD-0C0E-48A8-9FC6-09E58EB5EBF5}
		{FCF81ED1-1447-4445-B58D-9B01CF5CA803} = {8491E3BD-0C0E-48A8-9FC6-09E58EB5EBF5}
	EndGlobalSection
EndGlobal
