
Microsoft Visual Studio Solution File, Format Version 12.00
# Visual Studio 15
VisualStudioVersion = 15.0.26228.4
MinimumVisualStudioVersion = 10.0.40219.1
Project("{2150E333-8FDC-42A3-9474-1A3956D46DE8}") = "registry", "registry", "{56677A53-0484-41A2-8045-89CB63537E10}"
EndProject
Project("{2150E333-8FDC-42A3-9474-1A3956D46DE8}") = "corefx", "corefx", "{77B3B2FB-6E00-47A5-9627-A573B2EEF72B}"
EndProject
Project("{2150E333-8FDC-42A3-9474-1A3956D46DE8}") = "net40", "net40", "{F64F0246-A706-46A9-8F6A-5C293F6D96C0}"
EndProject
Project("{2150E333-8FDC-42A3-9474-1A3956D46DE8}") = "test", "test", "{067E5EED-B95F-49F7-B9D7-C5CCDB4F34A6}"
EndProject
Project("{2150E333-8FDC-42A3-9474-1A3956D46DE8}") = "Solution Items", "Solution Items", "{324E7FE0-3F29-47F1-ACE7-F2995D0D2490}"
EndProject
Project("{2150E333-8FDC-42A3-9474-1A3956D46DE8}") = "service", "service", "{E037D355-97A9-4F9C-B111-DF00159F2D20}"
EndProject
Project("{2150E333-8FDC-42A3-9474-1A3956D46DE8}") = "rpclite", "rpclite", "{6CBD1F77-F8FC-4C60-8D56-04FB7DF029D9}"
EndProject
Project("{2150E333-8FDC-42A3-9474-1A3956D46DE8}") = "monitor", "monitor", "{6096B150-C86D-4E4C-9576-0FA219C17247}"
EndProject
Project("{2150E333-8FDC-42A3-9474-1A3956D46DE8}") = "netfx", "netfx", "{6FA37F36-5906-46AE-A108-033EE86E55B1}"
EndProject
Project("{2150E333-8FDC-42A3-9474-1A3956D46DE8}") = "tools", "tools", "{9E3F3BDA-8776-4264-91C1-1BC7284CA890}"
EndProject
Project("{FAE04EC0-301F-11D3-BF4B-00C04F79EFBC}") = "ServiceRegistry", "Registry\Service\ServiceRegistry\ServiceRegistry.csproj", "{B95BEAEC-B6E1-4F31-BCAD-342B78589251}"
EndProject
Project("{9A19103F-16F7-4668-BE54-9A1E7A4F7556}") = "RpcLite", "RpcLite\RpcLite.csproj", "{C155D138-FAE3-4080-A2BF-F5483BF0B226}"
EndProject
Project("{9A19103F-16F7-4668-BE54-9A1E7A4F7556}") = "RpcLite.AspNetCore", "RpcLite.AspNetCore\RpcLite.AspNetCore.csproj", "{53179DB9-8CE2-4DF7-AABB-EDE5BE244BAF}"
EndProject
Project("{9A19103F-16F7-4668-BE54-9A1E7A4F7556}") = "ServiceRegistry.Repositories", "Registry\Service\ServiceRegistry.Repositories\ServiceRegistry.Repositories.csproj", "{83373279-BD74-49C9-ABC7-FCA05EB3E7E9}"
EndProject
Project("{9A19103F-16F7-4668-BE54-9A1E7A4F7556}") = "RpcLite.Registry.Merops.Contract", "Registry\RpcLite.Registry.Merops.Contract\RpcLite.Registry.Merops.Contract.csproj", "{E802D9F9-5A69-4041-9A7C-8646BD975A04}"
EndProject
Project("{9A19103F-16F7-4668-BE54-9A1E7A4F7556}") = "ServiceTest.Contract", "ServiceTest\ServiceTest.Contract\ServiceTest.Contract.csproj", "{6F7273D1-B135-4CCC-80CD-95E44A54EBCF}"
EndProject
Project("{9A19103F-16F7-4668-BE54-9A1E7A4F7556}") = "ServiceTest.WebHost", "ServiceTest\ServiceTest.WebHost\ServiceTest.WebHost.csproj", "{464DFD42-C087-4294-B2C2-3E1C68034B27}"
EndProject
Project("{9A19103F-16F7-4668-BE54-9A1E7A4F7556}") = "ServiceTest.ServiceImpl", "ServiceTest\ServiceTest.ServiceImpl\ServiceTest.ServiceImpl.csproj", "{8FA0ADA1-CF91-49E2-BB09-CB7519EEFC8D}"
EndProject
Project("{9A19103F-16F7-4668-BE54-9A1E7A4F7556}") = "ServiceTest.ClientTest", "ServiceTest\ServiceTest.ClientTest\ServiceTest.ClientTest.csproj", "{5C3A0880-78F7-45B6-BE69-04E4243AB09F}"
EndProject
Project("{9A19103F-16F7-4668-BE54-9A1E7A4F7556}") = "RpcLite.Registry.Zookeeper", "Registry\RpcLite.Registry.Zookeeper\RpcLite.Registry.Zookeeper.csproj", "{A0C7EB3C-1EE4-4C34-A49D-BCA129483581}"
EndProject
Project("{9A19103F-16F7-4668-BE54-9A1E7A4F7556}") = "RpcLite.Registry.Merops", "Registry\RpcLite.Registry.Merops\RpcLite.Registry.Merops.csproj", "{B16A6E00-EEF1-4176-A34B-F7EB1E3D8935}"
EndProject
Project("{9A19103F-16F7-4668-BE54-9A1E7A4F7556}") = "RpcLite.NetFx", "RpcLite.NetFx\RpcLite.NetFx.csproj", "{85834866-2E39-46C1-9B56-5B2EAA522905}"
EndProject
Project("{9A19103F-16F7-4668-BE54-9A1E7A4F7556}") = "RpcLite.Monitor.Merops", "Monitor\RpcLite.Monitor.Merops\RpcLite.Monitor.Merops.csproj", "{5DAA8041-DEBC-4D60-944E-01D395A9A9B0}"
EndProject
Project("{9A19103F-16F7-4668-BE54-9A1E7A4F7556}") = "RpcLite.Monitor.Contract", "Monitor\RpcLite.Monitor.Contract\RpcLite.Monitor.Contract.csproj", "{C2220FD5-183A-47AB-ADB8-8E8263D35AAA}"
EndProject
Project("{FAE04EC0-301F-11D3-BF4B-00C04F79EFBC}") = "ServiceTest.WebHost", "ServiceTest\NetFx\ServiceTest.WebHost\ServiceTest.WebHost.csproj", "{FCF81ED1-1447-4445-B58D-9B01CF5CA803}"
EndProject
Project("{FAE04EC0-301F-11D3-BF4B-00C04F79EFBC}") = "ServiceTest.Contract", "ServiceTest\NetFx\ServiceTest.Contract\ServiceTest.Contract.csproj", "{5D2CC80C-942A-4B5A-810D-B8594EFF2937}"
EndProject
Project("{FAE04EC0-301F-11D3-BF4B-00C04F79EFBC}") = "ServiceTest.ServiceImpl", "ServiceTest\NetFx\ServiceTest.ServiceImpl\ServiceTest.ServiceImpl.csproj", "{02119D4A-06E8-4DEA-BC06-4F0022C89157}"
EndProject
Project("{FAE04EC0-301F-11D3-BF4B-00C04F79EFBC}") = "NuGetPackTool", "Tools\NuGetPackTool\NuGetPackTool.csproj", "{9BC55290-0933-4049-BD13-49FF7C388778}"
EndProject
Project("{9A19103F-16F7-4668-BE54-9A1E7A4F7556}") = "ServiceTest.ClientTest_NetFx", "ServiceTest\ServiceTest.ClientTest_NetFx\ServiceTest.ClientTest_NetFx.csproj", "{D1902FF4-20E0-45D2-8F5B-DB2949EAD724}"
EndProject
Project("{FAE04EC0-301F-11D3-BF4B-00C04F79EFBC}") = "NetFxTest", "ServiceTest\NetFxTest\NetFxTest.csproj", "{A2EC09EC-1F35-41FC-A6EC-514B455C9B01}"
EndProject
Project("{9A19103F-16F7-4668-BE54-9A1E7A4F7556}") = "ServiceRegistry.Management", "Registry\ServiceRegistry.Management\ServiceRegistry.Management.csproj", "{EDF68172-B24A-4D87-A270-2A9E74921C64}"
EndProject
Project("{9A19103F-16F7-4668-BE54-9A1E7A4F7556}") = "ServiceRegistry.Dal", "Registry\Service\ServiceRegistry.Dal\ServiceRegistry.Dal.csproj", "{35434748-8489-45A0-B220-FD725853BE68}"
EndProject
Project("{9A19103F-16F7-4668-BE54-9A1E7A4F7556}") = "ServiceRegistry.Domain", "Registry\Service\ServiceRegistry.Domain\ServiceRegistry.Domain.csproj", "{FF2F4A70-A339-493C-B414-257435A41FF0}"
EndProject
Project("{9A19103F-16F7-4668-BE54-9A1E7A4F7556}") = "ServiceRegistry.Service", "Registry\Service\ServiceRegistry.Service\ServiceRegistry.Service.csproj", "{3D6F8CF6-D28D-4B25-BB5C-2F9E8CA9B5D9}"
EndProject
Project("{9A19103F-16F7-4668-BE54-9A1E7A4F7556}") = "RpcLite.Monitor.Service", "Monitor\RpcLite.Monitor.Service\RpcLite.Monitor.Service.csproj", "{C5AE9DBA-0D61-4AEC-A65C-13DAD057BC7B}"
EndProject
Global
	GlobalSection(SolutionConfigurationPlatforms) = preSolution
		Debug|Any CPU = Debug|Any CPU
		Debug|Mixed Platforms = Debug|Mixed Platforms
		Debug|x86 = Debug|x86
		Release|Any CPU = Release|Any CPU
		Release|Mixed Platforms = Release|Mixed Platforms
		Release|x86 = Release|x86
	EndGlobalSection
	GlobalSection(ProjectConfigurationPlatforms) = postSolution
		{B95BEAEC-B6E1-4F31-BCAD-342B78589251}.Debug|Any CPU.ActiveCfg = Debug|Any CPU
		{B95BEAEC-B6E1-4F31-BCAD-342B78589251}.Debug|Any CPU.Build.0 = Debug|Any CPU
		{B95BEAEC-B6E1-4F31-BCAD-342B78589251}.Debug|Mixed Platforms.ActiveCfg = Debug|Any CPU
		{B95BEAEC-B6E1-4F31-BCAD-342B78589251}.Debug|Mixed Platforms.Build.0 = Debug|Any CPU
		{B95BEAEC-B6E1-4F31-BCAD-342B78589251}.Debug|x86.ActiveCfg = Debug|Any CPU
		{B95BEAEC-B6E1-4F31-BCAD-342B78589251}.Release|Any CPU.ActiveCfg = Release|Any CPU
		{B95BEAEC-B6E1-4F31-BCAD-342B78589251}.Release|Any CPU.Build.0 = Release|Any CPU
		{B95BEAEC-B6E1-4F31-BCAD-342B78589251}.Release|Mixed Platforms.ActiveCfg = Release|Any CPU
		{B95BEAEC-B6E1-4F31-BCAD-342B78589251}.Release|Mixed Platforms.Build.0 = Release|Any CPU
		{B95BEAEC-B6E1-4F31-BCAD-342B78589251}.Release|x86.ActiveCfg = Release|Any CPU
		{C155D138-FAE3-4080-A2BF-F5483BF0B226}.Debug|Any CPU.ActiveCfg = Debug|Any CPU
		{C155D138-FAE3-4080-A2BF-F5483BF0B226}.Debug|Any CPU.Build.0 = Debug|Any CPU
		{C155D138-FAE3-4080-A2BF-F5483BF0B226}.Debug|Mixed Platforms.ActiveCfg = Debug|Any CPU
		{C155D138-FAE3-4080-A2BF-F5483BF0B226}.Debug|Mixed Platforms.Build.0 = Debug|Any CPU
		{C155D138-FAE3-4080-A2BF-F5483BF0B226}.Debug|x86.ActiveCfg = Debug|Any CPU
		{C155D138-FAE3-4080-A2BF-F5483BF0B226}.Debug|x86.Build.0 = Debug|Any CPU
		{C155D138-FAE3-4080-A2BF-F5483BF0B226}.Release|Any CPU.ActiveCfg = Release|Any CPU
		{C155D138-FAE3-4080-A2BF-F5483BF0B226}.Release|Any CPU.Build.0 = Release|Any CPU
		{C155D138-FAE3-4080-A2BF-F5483BF0B226}.Release|Mixed Platforms.ActiveCfg = Release|Any CPU
		{C155D138-FAE3-4080-A2BF-F5483BF0B226}.Release|Mixed Platforms.Build.0 = Release|Any CPU
		{C155D138-FAE3-4080-A2BF-F5483BF0B226}.Release|x86.ActiveCfg = Release|Any CPU
		{C155D138-FAE3-4080-A2BF-F5483BF0B226}.Release|x86.Build.0 = Release|Any CPU
		{53179DB9-8CE2-4DF7-AABB-EDE5BE244BAF}.Debug|Any CPU.ActiveCfg = Debug|Any CPU
		{53179DB9-8CE2-4DF7-AABB-EDE5BE244BAF}.Debug|Any CPU.Build.0 = Debug|Any CPU
		{53179DB9-8CE2-4DF7-AABB-EDE5BE244BAF}.Debug|Mixed Platforms.ActiveCfg = Debug|Any CPU
		{53179DB9-8CE2-4DF7-AABB-EDE5BE244BAF}.Debug|Mixed Platforms.Build.0 = Debug|Any CPU
		{53179DB9-8CE2-4DF7-AABB-EDE5BE244BAF}.Debug|x86.ActiveCfg = Debug|Any CPU
		{53179DB9-8CE2-4DF7-AABB-EDE5BE244BAF}.Debug|x86.Build.0 = Debug|Any CPU
		{53179DB9-8CE2-4DF7-AABB-EDE5BE244BAF}.Release|Any CPU.ActiveCfg = Release|Any CPU
		{53179DB9-8CE2-4DF7-AABB-EDE5BE244BAF}.Release|Any CPU.Build.0 = Release|Any CPU
		{53179DB9-8CE2-4DF7-AABB-EDE5BE244BAF}.Release|Mixed Platforms.ActiveCfg = Release|Any CPU
		{53179DB9-8CE2-4DF7-AABB-EDE5BE244BAF}.Release|Mixed Platforms.Build.0 = Release|Any CPU
		{53179DB9-8CE2-4DF7-AABB-EDE5BE244BAF}.Release|x86.ActiveCfg = Release|Any CPU
		{53179DB9-8CE2-4DF7-AABB-EDE5BE244BAF}.Release|x86.Build.0 = Release|Any CPU
		{83373279-BD74-49C9-ABC7-FCA05EB3E7E9}.Debug|Any CPU.ActiveCfg = Debug|Any CPU
		{83373279-BD74-49C9-ABC7-FCA05EB3E7E9}.Debug|Any CPU.Build.0 = Debug|Any CPU
		{83373279-BD74-49C9-ABC7-FCA05EB3E7E9}.Debug|Mixed Platforms.ActiveCfg = Debug|Any CPU
		{83373279-BD74-49C9-ABC7-FCA05EB3E7E9}.Debug|Mixed Platforms.Build.0 = Debug|Any CPU
		{83373279-BD74-49C9-ABC7-FCA05EB3E7E9}.Debug|x86.ActiveCfg = Debug|Any CPU
		{83373279-BD74-49C9-ABC7-FCA05EB3E7E9}.Debug|x86.Build.0 = Debug|Any CPU
		{83373279-BD74-49C9-ABC7-FCA05EB3E7E9}.Release|Any CPU.ActiveCfg = Release|Any CPU
		{83373279-BD74-49C9-ABC7-FCA05EB3E7E9}.Release|Any CPU.Build.0 = Release|Any CPU
		{83373279-BD74-49C9-ABC7-FCA05EB3E7E9}.Release|Mixed Platforms.ActiveCfg = Release|Any CPU
		{83373279-BD74-49C9-ABC7-FCA05EB3E7E9}.Release|Mixed Platforms.Build.0 = Release|Any CPU
		{83373279-BD74-49C9-ABC7-FCA05EB3E7E9}.Release|x86.ActiveCfg = Release|Any CPU
		{83373279-BD74-49C9-ABC7-FCA05EB3E7E9}.Release|x86.Build.0 = Release|Any CPU
		{E802D9F9-5A69-4041-9A7C-8646BD975A04}.Debug|Any CPU.ActiveCfg = Debug|Any CPU
		{E802D9F9-5A69-4041-9A7C-8646BD975A04}.Debug|Any CPU.Build.0 = Debug|Any CPU
		{E802D9F9-5A69-4041-9A7C-8646BD975A04}.Debug|Mixed Platforms.ActiveCfg = Debug|Any CPU
		{E802D9F9-5A69-4041-9A7C-8646BD975A04}.Debug|Mixed Platforms.Build.0 = Debug|Any CPU
		{E802D9F9-5A69-4041-9A7C-8646BD975A04}.Debug|x86.ActiveCfg = Debug|Any CPU
		{E802D9F9-5A69-4041-9A7C-8646BD975A04}.Debug|x86.Build.0 = Debug|Any CPU
		{E802D9F9-5A69-4041-9A7C-8646BD975A04}.Release|Any CPU.ActiveCfg = Release|Any CPU
		{E802D9F9-5A69-4041-9A7C-8646BD975A04}.Release|Any CPU.Build.0 = Release|Any CPU
		{E802D9F9-5A69-4041-9A7C-8646BD975A04}.Release|Mixed Platforms.ActiveCfg = Release|Any CPU
		{E802D9F9-5A69-4041-9A7C-8646BD975A04}.Release|Mixed Platforms.Build.0 = Release|Any CPU
		{E802D9F9-5A69-4041-9A7C-8646BD975A04}.Release|x86.ActiveCfg = Release|Any CPU
		{E802D9F9-5A69-4041-9A7C-8646BD975A04}.Release|x86.Build.0 = Release|Any CPU
		{6F7273D1-B135-4CCC-80CD-95E44A54EBCF}.Debug|Any CPU.ActiveCfg = Debug|Any CPU
		{6F7273D1-B135-4CCC-80CD-95E44A54EBCF}.Debug|Any CPU.Build.0 = Debug|Any CPU
		{6F7273D1-B135-4CCC-80CD-95E44A54EBCF}.Debug|Mixed Platforms.ActiveCfg = Debug|Any CPU
		{6F7273D1-B135-4CCC-80CD-95E44A54EBCF}.Debug|Mixed Platforms.Build.0 = Debug|Any CPU
		{6F7273D1-B135-4CCC-80CD-95E44A54EBCF}.Debug|x86.ActiveCfg = Debug|Any CPU
		{6F7273D1-B135-4CCC-80CD-95E44A54EBCF}.Debug|x86.Build.0 = Debug|Any CPU
		{6F7273D1-B135-4CCC-80CD-95E44A54EBCF}.Release|Any CPU.ActiveCfg = Release|Any CPU
		{6F7273D1-B135-4CCC-80CD-95E44A54EBCF}.Release|Any CPU.Build.0 = Release|Any CPU
		{6F7273D1-B135-4CCC-80CD-95E44A54EBCF}.Release|Mixed Platforms.ActiveCfg = Release|Any CPU
		{6F7273D1-B135-4CCC-80CD-95E44A54EBCF}.Release|Mixed Platforms.Build.0 = Release|Any CPU
		{6F7273D1-B135-4CCC-80CD-95E44A54EBCF}.Release|x86.ActiveCfg = Release|Any CPU
		{6F7273D1-B135-4CCC-80CD-95E44A54EBCF}.Release|x86.Build.0 = Release|Any CPU
		{464DFD42-C087-4294-B2C2-3E1C68034B27}.Debug|Any CPU.ActiveCfg = Debug|Any CPU
		{464DFD42-C087-4294-B2C2-3E1C68034B27}.Debug|Any CPU.Build.0 = Debug|Any CPU
		{464DFD42-C087-4294-B2C2-3E1C68034B27}.Debug|Mixed Platforms.ActiveCfg = Debug|Any CPU
		{464DFD42-C087-4294-B2C2-3E1C68034B27}.Debug|Mixed Platforms.Build.0 = Debug|Any CPU
		{464DFD42-C087-4294-B2C2-3E1C68034B27}.Debug|x86.ActiveCfg = Debug|Any CPU
		{464DFD42-C087-4294-B2C2-3E1C68034B27}.Debug|x86.Build.0 = Debug|Any CPU
		{464DFD42-C087-4294-B2C2-3E1C68034B27}.Release|Any CPU.ActiveCfg = Release|Any CPU
		{464DFD42-C087-4294-B2C2-3E1C68034B27}.Release|Any CPU.Build.0 = Release|Any CPU
		{464DFD42-C087-4294-B2C2-3E1C68034B27}.Release|Mixed Platforms.ActiveCfg = Release|Any CPU
		{464DFD42-C087-4294-B2C2-3E1C68034B27}.Release|Mixed Platforms.Build.0 = Release|Any CPU
		{464DFD42-C087-4294-B2C2-3E1C68034B27}.Release|x86.ActiveCfg = Release|Any CPU
		{464DFD42-C087-4294-B2C2-3E1C68034B27}.Release|x86.Build.0 = Release|Any CPU
		{8FA0ADA1-CF91-49E2-BB09-CB7519EEFC8D}.Debug|Any CPU.ActiveCfg = Debug|Any CPU
		{8FA0ADA1-CF91-49E2-BB09-CB7519EEFC8D}.Debug|Any CPU.Build.0 = Debug|Any CPU
		{8FA0ADA1-CF91-49E2-BB09-CB7519EEFC8D}.Debug|Mixed Platforms.ActiveCfg = Debug|Any CPU
		{8FA0ADA1-CF91-49E2-BB09-CB7519EEFC8D}.Debug|Mixed Platforms.Build.0 = Debug|Any CPU
		{8FA0ADA1-CF91-49E2-BB09-CB7519EEFC8D}.Debug|x86.ActiveCfg = Debug|Any CPU
		{8FA0ADA1-CF91-49E2-BB09-CB7519EEFC8D}.Debug|x86.Build.0 = Debug|Any CPU
		{8FA0ADA1-CF91-49E2-BB09-CB7519EEFC8D}.Release|Any CPU.ActiveCfg = Release|Any CPU
		{8FA0ADA1-CF91-49E2-BB09-CB7519EEFC8D}.Release|Any CPU.Build.0 = Release|Any CPU
		{8FA0ADA1-CF91-49E2-BB09-CB7519EEFC8D}.Release|Mixed Platforms.ActiveCfg = Release|Any CPU
		{8FA0ADA1-CF91-49E2-BB09-CB7519EEFC8D}.Release|Mixed Platforms.Build.0 = Release|Any CPU
		{8FA0ADA1-CF91-49E2-BB09-CB7519EEFC8D}.Release|x86.ActiveCfg = Release|Any CPU
		{8FA0ADA1-CF91-49E2-BB09-CB7519EEFC8D}.Release|x86.Build.0 = Release|Any CPU
		{5C3A0880-78F7-45B6-BE69-04E4243AB09F}.Debug|Any CPU.ActiveCfg = Debug|Any CPU
		{5C3A0880-78F7-45B6-BE69-04E4243AB09F}.Debug|Any CPU.Build.0 = Debug|Any CPU
		{5C3A0880-78F7-45B6-BE69-04E4243AB09F}.Debug|Mixed Platforms.ActiveCfg = Debug|Any CPU
		{5C3A0880-78F7-45B6-BE69-04E4243AB09F}.Debug|Mixed Platforms.Build.0 = Debug|Any CPU
		{5C3A0880-78F7-45B6-BE69-04E4243AB09F}.Debug|x86.ActiveCfg = Debug|Any CPU
		{5C3A0880-78F7-45B6-BE69-04E4243AB09F}.Debug|x86.Build.0 = Debug|Any CPU
		{5C3A0880-78F7-45B6-BE69-04E4243AB09F}.Release|Any CPU.ActiveCfg = Release|Any CPU
		{5C3A0880-78F7-45B6-BE69-04E4243AB09F}.Release|Any CPU.Build.0 = Release|Any CPU
		{5C3A0880-78F7-45B6-BE69-04E4243AB09F}.Release|Mixed Platforms.ActiveCfg = Release|Any CPU
		{5C3A0880-78F7-45B6-BE69-04E4243AB09F}.Release|Mixed Platforms.Build.0 = Release|Any CPU
		{5C3A0880-78F7-45B6-BE69-04E4243AB09F}.Release|x86.ActiveCfg = Release|Any CPU
		{5C3A0880-78F7-45B6-BE69-04E4243AB09F}.Release|x86.Build.0 = Release|Any CPU
		{A0C7EB3C-1EE4-4C34-A49D-BCA129483581}.Debug|Any CPU.ActiveCfg = Debug|Any CPU
		{A0C7EB3C-1EE4-4C34-A49D-BCA129483581}.Debug|Any CPU.Build.0 = Debug|Any CPU
		{A0C7EB3C-1EE4-4C34-A49D-BCA129483581}.Debug|Mixed Platforms.ActiveCfg = Debug|Any CPU
		{A0C7EB3C-1EE4-4C34-A49D-BCA129483581}.Debug|Mixed Platforms.Build.0 = Debug|Any CPU
		{A0C7EB3C-1EE4-4C34-A49D-BCA129483581}.Debug|x86.ActiveCfg = Debug|Any CPU
		{A0C7EB3C-1EE4-4C34-A49D-BCA129483581}.Debug|x86.Build.0 = Debug|Any CPU
		{A0C7EB3C-1EE4-4C34-A49D-BCA129483581}.Release|Any CPU.ActiveCfg = Release|Any CPU
		{A0C7EB3C-1EE4-4C34-A49D-BCA129483581}.Release|Any CPU.Build.0 = Release|Any CPU
		{A0C7EB3C-1EE4-4C34-A49D-BCA129483581}.Release|Mixed Platforms.ActiveCfg = Release|Any CPU
		{A0C7EB3C-1EE4-4C34-A49D-BCA129483581}.Release|Mixed Platforms.Build.0 = Release|Any CPU
		{A0C7EB3C-1EE4-4C34-A49D-BCA129483581}.Release|x86.ActiveCfg = Release|Any CPU
		{A0C7EB3C-1EE4-4C34-A49D-BCA129483581}.Release|x86.Build.0 = Release|Any CPU
		{B16A6E00-EEF1-4176-A34B-F7EB1E3D8935}.Debug|Any CPU.ActiveCfg = Debug|Any CPU
		{B16A6E00-EEF1-4176-A34B-F7EB1E3D8935}.Debug|Any CPU.Build.0 = Debug|Any CPU
		{B16A6E00-EEF1-4176-A34B-F7EB1E3D8935}.Debug|Mixed Platforms.ActiveCfg = Debug|Any CPU
		{B16A6E00-EEF1-4176-A34B-F7EB1E3D8935}.Debug|Mixed Platforms.Build.0 = Debug|Any CPU
		{B16A6E00-EEF1-4176-A34B-F7EB1E3D8935}.Debug|x86.ActiveCfg = Debug|Any CPU
		{B16A6E00-EEF1-4176-A34B-F7EB1E3D8935}.Debug|x86.Build.0 = Debug|Any CPU
		{B16A6E00-EEF1-4176-A34B-F7EB1E3D8935}.Release|Any CPU.ActiveCfg = Release|Any CPU
		{B16A6E00-EEF1-4176-A34B-F7EB1E3D8935}.Release|Any CPU.Build.0 = Release|Any CPU
		{B16A6E00-EEF1-4176-A34B-F7EB1E3D8935}.Release|Mixed Platforms.ActiveCfg = Release|Any CPU
		{B16A6E00-EEF1-4176-A34B-F7EB1E3D8935}.Release|Mixed Platforms.Build.0 = Release|Any CPU
		{B16A6E00-EEF1-4176-A34B-F7EB1E3D8935}.Release|x86.ActiveCfg = Release|Any CPU
		{B16A6E00-EEF1-4176-A34B-F7EB1E3D8935}.Release|x86.Build.0 = Release|Any CPU
		{85834866-2E39-46C1-9B56-5B2EAA522905}.Debug|Any CPU.ActiveCfg = Debug|Any CPU
		{85834866-2E39-46C1-9B56-5B2EAA522905}.Debug|Any CPU.Build.0 = Debug|Any CPU
		{85834866-2E39-46C1-9B56-5B2EAA522905}.Debug|Mixed Platforms.ActiveCfg = Debug|Any CPU
		{85834866-2E39-46C1-9B56-5B2EAA522905}.Debug|Mixed Platforms.Build.0 = Debug|Any CPU
		{85834866-2E39-46C1-9B56-5B2EAA522905}.Debug|x86.ActiveCfg = Debug|Any CPU
		{85834866-2E39-46C1-9B56-5B2EAA522905}.Debug|x86.Build.0 = Debug|Any CPU
		{85834866-2E39-46C1-9B56-5B2EAA522905}.Release|Any CPU.ActiveCfg = Release|Any CPU
		{85834866-2E39-46C1-9B56-5B2EAA522905}.Release|Any CPU.Build.0 = Release|Any CPU
		{85834866-2E39-46C1-9B56-5B2EAA522905}.Release|Mixed Platforms.ActiveCfg = Release|Any CPU
		{85834866-2E39-46C1-9B56-5B2EAA522905}.Release|Mixed Platforms.Build.0 = Release|Any CPU
		{85834866-2E39-46C1-9B56-5B2EAA522905}.Release|x86.ActiveCfg = Release|Any CPU
		{85834866-2E39-46C1-9B56-5B2EAA522905}.Release|x86.Build.0 = Release|Any CPU
		{5DAA8041-DEBC-4D60-944E-01D395A9A9B0}.Debug|Any CPU.ActiveCfg = Debug|Any CPU
		{5DAA8041-DEBC-4D60-944E-01D395A9A9B0}.Debug|Any CPU.Build.0 = Debug|Any CPU
		{5DAA8041-DEBC-4D60-944E-01D395A9A9B0}.Debug|Mixed Platforms.ActiveCfg = Debug|Any CPU
		{5DAA8041-DEBC-4D60-944E-01D395A9A9B0}.Debug|Mixed Platforms.Build.0 = Debug|Any CPU
		{5DAA8041-DEBC-4D60-944E-01D395A9A9B0}.Debug|x86.ActiveCfg = Debug|Any CPU
		{5DAA8041-DEBC-4D60-944E-01D395A9A9B0}.Debug|x86.Build.0 = Debug|Any CPU
		{5DAA8041-DEBC-4D60-944E-01D395A9A9B0}.Release|Any CPU.ActiveCfg = Release|Any CPU
		{5DAA8041-DEBC-4D60-944E-01D395A9A9B0}.Release|Any CPU.Build.0 = Release|Any CPU
		{5DAA8041-DEBC-4D60-944E-01D395A9A9B0}.Release|Mixed Platforms.ActiveCfg = Release|Any CPU
		{5DAA8041-DEBC-4D60-944E-01D395A9A9B0}.Release|Mixed Platforms.Build.0 = Release|Any CPU
		{5DAA8041-DEBC-4D60-944E-01D395A9A9B0}.Release|x86.ActiveCfg = Release|Any CPU
		{5DAA8041-DEBC-4D60-944E-01D395A9A9B0}.Release|x86.Build.0 = Release|Any CPU
		{C2220FD5-183A-47AB-ADB8-8E8263D35AAA}.Debug|Any CPU.ActiveCfg = Debug|Any CPU
		{C2220FD5-183A-47AB-ADB8-8E8263D35AAA}.Debug|Any CPU.Build.0 = Debug|Any CPU
		{C2220FD5-183A-47AB-ADB8-8E8263D35AAA}.Debug|Mixed Platforms.ActiveCfg = Debug|Any CPU
		{C2220FD5-183A-47AB-ADB8-8E8263D35AAA}.Debug|Mixed Platforms.Build.0 = Debug|Any CPU
		{C2220FD5-183A-47AB-ADB8-8E8263D35AAA}.Debug|x86.ActiveCfg = Debug|Any CPU
		{C2220FD5-183A-47AB-ADB8-8E8263D35AAA}.Debug|x86.Build.0 = Debug|Any CPU
		{C2220FD5-183A-47AB-ADB8-8E8263D35AAA}.Release|Any CPU.ActiveCfg = Release|Any CPU
		{C2220FD5-183A-47AB-ADB8-8E8263D35AAA}.Release|Any CPU.Build.0 = Release|Any CPU
		{C2220FD5-183A-47AB-ADB8-8E8263D35AAA}.Release|Mixed Platforms.ActiveCfg = Release|Any CPU
		{C2220FD5-183A-47AB-ADB8-8E8263D35AAA}.Release|Mixed Platforms.Build.0 = Release|Any CPU
		{C2220FD5-183A-47AB-ADB8-8E8263D35AAA}.Release|x86.ActiveCfg = Release|Any CPU
		{C2220FD5-183A-47AB-ADB8-8E8263D35AAA}.Release|x86.Build.0 = Release|Any CPU
		{FCF81ED1-1447-4445-B58D-9B01CF5CA803}.Debug|Any CPU.ActiveCfg = Debug|Any CPU
		{FCF81ED1-1447-4445-B58D-9B01CF5CA803}.Debug|Any CPU.Build.0 = Debug|Any CPU
		{FCF81ED1-1447-4445-B58D-9B01CF5CA803}.Debug|Mixed Platforms.ActiveCfg = Debug|Any CPU
		{FCF81ED1-1447-4445-B58D-9B01CF5CA803}.Debug|Mixed Platforms.Build.0 = Debug|Any CPU
		{FCF81ED1-1447-4445-B58D-9B01CF5CA803}.Debug|x86.ActiveCfg = Debug|Any CPU
		{FCF81ED1-1447-4445-B58D-9B01CF5CA803}.Debug|x86.Build.0 = Debug|Any CPU
		{FCF81ED1-1447-4445-B58D-9B01CF5CA803}.Release|Any CPU.ActiveCfg = Release|Any CPU
		{FCF81ED1-1447-4445-B58D-9B01CF5CA803}.Release|Any CPU.Build.0 = Release|Any CPU
		{FCF81ED1-1447-4445-B58D-9B01CF5CA803}.Release|Mixed Platforms.ActiveCfg = Release|Any CPU
		{FCF81ED1-1447-4445-B58D-9B01CF5CA803}.Release|Mixed Platforms.Build.0 = Release|Any CPU
		{FCF81ED1-1447-4445-B58D-9B01CF5CA803}.Release|x86.ActiveCfg = Release|Any CPU
		{FCF81ED1-1447-4445-B58D-9B01CF5CA803}.Release|x86.Build.0 = Release|Any CPU
		{5D2CC80C-942A-4B5A-810D-B8594EFF2937}.Debug|Any CPU.ActiveCfg = Debug|Any CPU
		{5D2CC80C-942A-4B5A-810D-B8594EFF2937}.Debug|Any CPU.Build.0 = Debug|Any CPU
		{5D2CC80C-942A-4B5A-810D-B8594EFF2937}.Debug|Mixed Platforms.ActiveCfg = Debug|Any CPU
		{5D2CC80C-942A-4B5A-810D-B8594EFF2937}.Debug|Mixed Platforms.Build.0 = Debug|Any CPU
		{5D2CC80C-942A-4B5A-810D-B8594EFF2937}.Debug|x86.ActiveCfg = Debug|Any CPU
		{5D2CC80C-942A-4B5A-810D-B8594EFF2937}.Debug|x86.Build.0 = Debug|Any CPU
		{5D2CC80C-942A-4B5A-810D-B8594EFF2937}.Release|Any CPU.ActiveCfg = Release|Any CPU
		{5D2CC80C-942A-4B5A-810D-B8594EFF2937}.Release|Any CPU.Build.0 = Release|Any CPU
		{5D2CC80C-942A-4B5A-810D-B8594EFF2937}.Release|Mixed Platforms.ActiveCfg = Release|Any CPU
		{5D2CC80C-942A-4B5A-810D-B8594EFF2937}.Release|Mixed Platforms.Build.0 = Release|Any CPU
		{5D2CC80C-942A-4B5A-810D-B8594EFF2937}.Release|x86.ActiveCfg = Release|Any CPU
		{5D2CC80C-942A-4B5A-810D-B8594EFF2937}.Release|x86.Build.0 = Release|Any CPU
		{02119D4A-06E8-4DEA-BC06-4F0022C89157}.Debug|Any CPU.ActiveCfg = Debug|Any CPU
		{02119D4A-06E8-4DEA-BC06-4F0022C89157}.Debug|Any CPU.Build.0 = Debug|Any CPU
		{02119D4A-06E8-4DEA-BC06-4F0022C89157}.Debug|Mixed Platforms.ActiveCfg = Debug|Any CPU
		{02119D4A-06E8-4DEA-BC06-4F0022C89157}.Debug|Mixed Platforms.Build.0 = Debug|Any CPU
		{02119D4A-06E8-4DEA-BC06-4F0022C89157}.Debug|x86.ActiveCfg = Debug|Any CPU
		{02119D4A-06E8-4DEA-BC06-4F0022C89157}.Debug|x86.Build.0 = Debug|Any CPU
		{02119D4A-06E8-4DEA-BC06-4F0022C89157}.Release|Any CPU.ActiveCfg = Release|Any CPU
		{02119D4A-06E8-4DEA-BC06-4F0022C89157}.Release|Any CPU.Build.0 = Release|Any CPU
		{02119D4A-06E8-4DEA-BC06-4F0022C89157}.Release|Mixed Platforms.ActiveCfg = Release|Any CPU
		{02119D4A-06E8-4DEA-BC06-4F0022C89157}.Release|Mixed Platforms.Build.0 = Release|Any CPU
		{02119D4A-06E8-4DEA-BC06-4F0022C89157}.Release|x86.ActiveCfg = Release|Any CPU
		{02119D4A-06E8-4DEA-BC06-4F0022C89157}.Release|x86.Build.0 = Release|Any CPU
		{9BC55290-0933-4049-BD13-49FF7C388778}.Debug|Any CPU.ActiveCfg = Debug|Any CPU
		{9BC55290-0933-4049-BD13-49FF7C388778}.Debug|Any CPU.Build.0 = Debug|Any CPU
		{9BC55290-0933-4049-BD13-49FF7C388778}.Debug|Mixed Platforms.ActiveCfg = Debug|Any CPU
		{9BC55290-0933-4049-BD13-49FF7C388778}.Debug|Mixed Platforms.Build.0 = Debug|Any CPU
		{9BC55290-0933-4049-BD13-49FF7C388778}.Debug|x86.ActiveCfg = Debug|Any CPU
		{9BC55290-0933-4049-BD13-49FF7C388778}.Debug|x86.Build.0 = Debug|Any CPU
		{9BC55290-0933-4049-BD13-49FF7C388778}.Release|Any CPU.ActiveCfg = Release|Any CPU
		{9BC55290-0933-4049-BD13-49FF7C388778}.Release|Any CPU.Build.0 = Release|Any CPU
		{9BC55290-0933-4049-BD13-49FF7C388778}.Release|Mixed Platforms.ActiveCfg = Release|Any CPU
		{9BC55290-0933-4049-BD13-49FF7C388778}.Release|Mixed Platforms.Build.0 = Release|Any CPU
		{9BC55290-0933-4049-BD13-49FF7C388778}.Release|x86.ActiveCfg = Release|Any CPU
		{9BC55290-0933-4049-BD13-49FF7C388778}.Release|x86.Build.0 = Release|Any CPU
		{D1902FF4-20E0-45D2-8F5B-DB2949EAD724}.Debug|Any CPU.ActiveCfg = Debug|Any CPU
		{D1902FF4-20E0-45D2-8F5B-DB2949EAD724}.Debug|Any CPU.Build.0 = Debug|Any CPU
		{D1902FF4-20E0-45D2-8F5B-DB2949EAD724}.Debug|Mixed Platforms.ActiveCfg = Debug|Any CPU
		{D1902FF4-20E0-45D2-8F5B-DB2949EAD724}.Debug|Mixed Platforms.Build.0 = Debug|Any CPU
		{D1902FF4-20E0-45D2-8F5B-DB2949EAD724}.Debug|x86.ActiveCfg = Debug|Any CPU
		{D1902FF4-20E0-45D2-8F5B-DB2949EAD724}.Debug|x86.Build.0 = Debug|Any CPU
		{D1902FF4-20E0-45D2-8F5B-DB2949EAD724}.Release|Any CPU.ActiveCfg = Release|Any CPU
		{D1902FF4-20E0-45D2-8F5B-DB2949EAD724}.Release|Any CPU.Build.0 = Release|Any CPU
		{D1902FF4-20E0-45D2-8F5B-DB2949EAD724}.Release|Mixed Platforms.ActiveCfg = Release|Any CPU
		{D1902FF4-20E0-45D2-8F5B-DB2949EAD724}.Release|Mixed Platforms.Build.0 = Release|Any CPU
		{D1902FF4-20E0-45D2-8F5B-DB2949EAD724}.Release|x86.ActiveCfg = Release|Any CPU
		{D1902FF4-20E0-45D2-8F5B-DB2949EAD724}.Release|x86.Build.0 = Release|Any CPU
		{A2EC09EC-1F35-41FC-A6EC-514B455C9B01}.Debug|Any CPU.ActiveCfg = Debug|Any CPU
		{A2EC09EC-1F35-41FC-A6EC-514B455C9B01}.Debug|Any CPU.Build.0 = Debug|Any CPU
		{A2EC09EC-1F35-41FC-A6EC-514B455C9B01}.Debug|Mixed Platforms.ActiveCfg = Debug|Any CPU
		{A2EC09EC-1F35-41FC-A6EC-514B455C9B01}.Debug|Mixed Platforms.Build.0 = Debug|Any CPU
		{A2EC09EC-1F35-41FC-A6EC-514B455C9B01}.Debug|x86.ActiveCfg = Debug|Any CPU
		{A2EC09EC-1F35-41FC-A6EC-514B455C9B01}.Debug|x86.Build.0 = Debug|Any CPU
		{A2EC09EC-1F35-41FC-A6EC-514B455C9B01}.Release|Any CPU.ActiveCfg = Release|Any CPU
		{A2EC09EC-1F35-41FC-A6EC-514B455C9B01}.Release|Any CPU.Build.0 = Release|Any CPU
		{A2EC09EC-1F35-41FC-A6EC-514B455C9B01}.Release|Mixed Platforms.ActiveCfg = Release|Any CPU
		{A2EC09EC-1F35-41FC-A6EC-514B455C9B01}.Release|Mixed Platforms.Build.0 = Release|Any CPU
		{A2EC09EC-1F35-41FC-A6EC-514B455C9B01}.Release|x86.ActiveCfg = Release|Any CPU
		{A2EC09EC-1F35-41FC-A6EC-514B455C9B01}.Release|x86.Build.0 = Release|Any CPU
		{EDF68172-B24A-4D87-A270-2A9E74921C64}.Debug|Any CPU.ActiveCfg = Debug|Any CPU
		{EDF68172-B24A-4D87-A270-2A9E74921C64}.Debug|Any CPU.Build.0 = Debug|Any CPU
		{EDF68172-B24A-4D87-A270-2A9E74921C64}.Debug|Mixed Platforms.ActiveCfg = Debug|Any CPU
		{EDF68172-B24A-4D87-A270-2A9E74921C64}.Debug|Mixed Platforms.Build.0 = Debug|Any CPU
		{EDF68172-B24A-4D87-A270-2A9E74921C64}.Debug|x86.ActiveCfg = Debug|Any CPU
		{EDF68172-B24A-4D87-A270-2A9E74921C64}.Debug|x86.Build.0 = Debug|Any CPU
		{EDF68172-B24A-4D87-A270-2A9E74921C64}.Release|Any CPU.ActiveCfg = Release|Any CPU
		{EDF68172-B24A-4D87-A270-2A9E74921C64}.Release|Any CPU.Build.0 = Release|Any CPU
		{EDF68172-B24A-4D87-A270-2A9E74921C64}.Release|Mixed Platforms.ActiveCfg = Release|Any CPU
		{EDF68172-B24A-4D87-A270-2A9E74921C64}.Release|Mixed Platforms.Build.0 = Release|Any CPU
		{EDF68172-B24A-4D87-A270-2A9E74921C64}.Release|x86.ActiveCfg = Release|Any CPU
		{EDF68172-B24A-4D87-A270-2A9E74921C64}.Release|x86.Build.0 = Release|Any CPU
		{35434748-8489-45A0-B220-FD725853BE68}.Debug|Any CPU.ActiveCfg = Debug|Any CPU
		{35434748-8489-45A0-B220-FD725853BE68}.Debug|Any CPU.Build.0 = Debug|Any CPU
		{35434748-8489-45A0-B220-FD725853BE68}.Debug|Mixed Platforms.ActiveCfg = Debug|Any CPU
		{35434748-8489-45A0-B220-FD725853BE68}.Debug|Mixed Platforms.Build.0 = Debug|Any CPU
		{35434748-8489-45A0-B220-FD725853BE68}.Debug|x86.ActiveCfg = Debug|Any CPU
		{35434748-8489-45A0-B220-FD725853BE68}.Debug|x86.Build.0 = Debug|Any CPU
		{35434748-8489-45A0-B220-FD725853BE68}.Release|Any CPU.ActiveCfg = Release|Any CPU
		{35434748-8489-45A0-B220-FD725853BE68}.Release|Any CPU.Build.0 = Release|Any CPU
		{35434748-8489-45A0-B220-FD725853BE68}.Release|Mixed Platforms.ActiveCfg = Release|Any CPU
		{35434748-8489-45A0-B220-FD725853BE68}.Release|Mixed Platforms.Build.0 = Release|Any CPU
		{35434748-8489-45A0-B220-FD725853BE68}.Release|x86.ActiveCfg = Release|Any CPU
		{35434748-8489-45A0-B220-FD725853BE68}.Release|x86.Build.0 = Release|Any CPU
		{FF2F4A70-A339-493C-B414-257435A41FF0}.Debug|Any CPU.ActiveCfg = Debug|Any CPU
		{FF2F4A70-A339-493C-B414-257435A41FF0}.Debug|Any CPU.Build.0 = Debug|Any CPU
		{FF2F4A70-A339-493C-B414-257435A41FF0}.Debug|Mixed Platforms.ActiveCfg = Debug|Any CPU
		{FF2F4A70-A339-493C-B414-257435A41FF0}.Debug|Mixed Platforms.Build.0 = Debug|Any CPU
		{FF2F4A70-A339-493C-B414-257435A41FF0}.Debug|x86.ActiveCfg = Debug|Any CPU
		{FF2F4A70-A339-493C-B414-257435A41FF0}.Debug|x86.Build.0 = Debug|Any CPU
		{FF2F4A70-A339-493C-B414-257435A41FF0}.Release|Any CPU.ActiveCfg = Release|Any CPU
		{FF2F4A70-A339-493C-B414-257435A41FF0}.Release|Any CPU.Build.0 = Release|Any CPU
		{FF2F4A70-A339-493C-B414-257435A41FF0}.Release|Mixed Platforms.ActiveCfg = Release|Any CPU
		{FF2F4A70-A339-493C-B414-257435A41FF0}.Release|Mixed Platforms.Build.0 = Release|Any CPU
		{FF2F4A70-A339-493C-B414-257435A41FF0}.Release|x86.ActiveCfg = Release|Any CPU
		{FF2F4A70-A339-493C-B414-257435A41FF0}.Release|x86.Build.0 = Release|Any CPU
		{3D6F8CF6-D28D-4B25-BB5C-2F9E8CA9B5D9}.Debug|Any CPU.ActiveCfg = Debug|Any CPU
		{3D6F8CF6-D28D-4B25-BB5C-2F9E8CA9B5D9}.Debug|Any CPU.Build.0 = Debug|Any CPU
		{3D6F8CF6-D28D-4B25-BB5C-2F9E8CA9B5D9}.Debug|Mixed Platforms.ActiveCfg = Debug|Any CPU
		{3D6F8CF6-D28D-4B25-BB5C-2F9E8CA9B5D9}.Debug|Mixed Platforms.Build.0 = Debug|Any CPU
		{3D6F8CF6-D28D-4B25-BB5C-2F9E8CA9B5D9}.Debug|x86.ActiveCfg = Debug|Any CPU
		{3D6F8CF6-D28D-4B25-BB5C-2F9E8CA9B5D9}.Debug|x86.Build.0 = Debug|Any CPU
		{3D6F8CF6-D28D-4B25-BB5C-2F9E8CA9B5D9}.Release|Any CPU.ActiveCfg = Release|Any CPU
		{3D6F8CF6-D28D-4B25-BB5C-2F9E8CA9B5D9}.Release|Any CPU.Build.0 = Release|Any CPU
		{3D6F8CF6-D28D-4B25-BB5C-2F9E8CA9B5D9}.Release|Mixed Platforms.ActiveCfg = Release|Any CPU
		{3D6F8CF6-D28D-4B25-BB5C-2F9E8CA9B5D9}.Release|Mixed Platforms.Build.0 = Release|Any CPU
		{3D6F8CF6-D28D-4B25-BB5C-2F9E8CA9B5D9}.Release|x86.ActiveCfg = Release|Any CPU
		{3D6F8CF6-D28D-4B25-BB5C-2F9E8CA9B5D9}.Release|x86.Build.0 = Release|Any CPU
		{C5AE9DBA-0D61-4AEC-A65C-13DAD057BC7B}.Debug|Any CPU.ActiveCfg = Debug|Any CPU
		{C5AE9DBA-0D61-4AEC-A65C-13DAD057BC7B}.Debug|Any CPU.Build.0 = Debug|Any CPU
		{C5AE9DBA-0D61-4AEC-A65C-13DAD057BC7B}.Debug|Mixed Platforms.ActiveCfg = Debug|Any CPU
		{C5AE9DBA-0D61-4AEC-A65C-13DAD057BC7B}.Debug|Mixed Platforms.Build.0 = Debug|Any CPU
		{C5AE9DBA-0D61-4AEC-A65C-13DAD057BC7B}.Debug|x86.ActiveCfg = Debug|Any CPU
		{C5AE9DBA-0D61-4AEC-A65C-13DAD057BC7B}.Debug|x86.Build.0 = Debug|Any CPU
		{C5AE9DBA-0D61-4AEC-A65C-13DAD057BC7B}.Release|Any CPU.ActiveCfg = Release|Any CPU
		{C5AE9DBA-0D61-4AEC-A65C-13DAD057BC7B}.Release|Any CPU.Build.0 = Release|Any CPU
		{C5AE9DBA-0D61-4AEC-A65C-13DAD057BC7B}.Release|Mixed Platforms.ActiveCfg = Release|Any CPU
		{C5AE9DBA-0D61-4AEC-A65C-13DAD057BC7B}.Release|Mixed Platforms.Build.0 = Release|Any CPU
		{C5AE9DBA-0D61-4AEC-A65C-13DAD057BC7B}.Release|x86.ActiveCfg = Release|Any CPU
		{C5AE9DBA-0D61-4AEC-A65C-13DAD057BC7B}.Release|x86.Build.0 = Release|Any CPU
	EndGlobalSection
	GlobalSection(SolutionProperties) = preSolution
		HideSolutionNode = FALSE
	EndGlobalSection
	GlobalSection(NestedProjects) = preSolution
		{77B3B2FB-6E00-47A5-9627-A573B2EEF72B} = {E037D355-97A9-4F9C-B111-DF00159F2D20}
		{F64F0246-A706-46A9-8F6A-5C293F6D96C0} = {E037D355-97A9-4F9C-B111-DF00159F2D20}
		{E037D355-97A9-4F9C-B111-DF00159F2D20} = {56677A53-0484-41A2-8045-89CB63537E10}
		{6FA37F36-5906-46AE-A108-033EE86E55B1} = {067E5EED-B95F-49F7-B9D7-C5CCDB4F34A6}
		{B95BEAEC-B6E1-4F31-BCAD-342B78589251} = {F64F0246-A706-46A9-8F6A-5C293F6D96C0}
		{C155D138-FAE3-4080-A2BF-F5483BF0B226} = {6CBD1F77-F8FC-4C60-8D56-04FB7DF029D9}
		{53179DB9-8CE2-4DF7-AABB-EDE5BE244BAF} = {6CBD1F77-F8FC-4C60-8D56-04FB7DF029D9}
		{83373279-BD74-49C9-ABC7-FCA05EB3E7E9} = {77B3B2FB-6E00-47A5-9627-A573B2EEF72B}
		{E802D9F9-5A69-4041-9A7C-8646BD975A04} = {E037D355-97A9-4F9C-B111-DF00159F2D20}
		{6F7273D1-B135-4CCC-80CD-95E44A54EBCF} = {067E5EED-B95F-49F7-B9D7-C5CCDB4F34A6}
		{464DFD42-C087-4294-B2C2-3E1C68034B27} = {067E5EED-B95F-49F7-B9D7-C5CCDB4F34A6}
		{8FA0ADA1-CF91-49E2-BB09-CB7519EEFC8D} = {067E5EED-B95F-49F7-B9D7-C5CCDB4F34A6}
		{5C3A0880-78F7-45B6-BE69-04E4243AB09F} = {067E5EED-B95F-49F7-B9D7-C5CCDB4F34A6}
		{A0C7EB3C-1EE4-4C34-A49D-BCA129483581} = {56677A53-0484-41A2-8045-89CB63537E10}
		{B16A6E00-EEF1-4176-A34B-F7EB1E3D8935} = {56677A53-0484-41A2-8045-89CB63537E10}
		{85834866-2E39-46C1-9B56-5B2EAA522905} = {6CBD1F77-F8FC-4C60-8D56-04FB7DF029D9}
		{5DAA8041-DEBC-4D60-944E-01D395A9A9B0} = {6096B150-C86D-4E4C-9576-0FA219C17247}
		{C2220FD5-183A-47AB-ADB8-8E8263D35AAA} = {6096B150-C86D-4E4C-9576-0FA219C17247}
		{FCF81ED1-1447-4445-B58D-9B01CF5CA803} = {6FA37F36-5906-46AE-A108-033EE86E55B1}
		{5D2CC80C-942A-4B5A-810D-B8594EFF2937} = {6FA37F36-5906-46AE-A108-033EE86E55B1}
		{02119D4A-06E8-4DEA-BC06-4F0022C89157} = {6FA37F36-5906-46AE-A108-033EE86E55B1}
		{9BC55290-0933-4049-BD13-49FF7C388778} = {9E3F3BDA-8776-4264-91C1-1BC7284CA890}
		{D1902FF4-20E0-45D2-8F5B-DB2949EAD724} = {067E5EED-B95F-49F7-B9D7-C5CCDB4F34A6}
		{A2EC09EC-1F35-41FC-A6EC-514B455C9B01} = {067E5EED-B95F-49F7-B9D7-C5CCDB4F34A6}
		{EDF68172-B24A-4D87-A270-2A9E74921C64} = {77B3B2FB-6E00-47A5-9627-A573B2EEF72B}
		{35434748-8489-45A0-B220-FD725853BE68} = {77B3B2FB-6E00-47A5-9627-A573B2EEF72B}
		{FF2F4A70-A339-493C-B414-257435A41FF0} = {77B3B2FB-6E00-47A5-9627-A573B2EEF72B}
		{3D6F8CF6-D28D-4B25-BB5C-2F9E8CA9B5D9} = {77B3B2FB-6E00-47A5-9627-A573B2EEF72B}
		{C5AE9DBA-0D61-4AEC-A65C-13DAD057BC7B} = {6096B150-C86D-4E4C-9576-0FA219C17247}
	EndGlobalSection
EndGlobal
